{
  "version": 4,
  "terraform_version": "1.15.5",
  "serial": 110,
  "lineage": "405a4a14-1db9-c5bd-71a7-7aee2ac6832e",
  "outputs": {
    "alb_url": {
      "value": "http://rodrigo-falcao-noteflow-alb-400282227.us-east-1.elb.amazonaws.com",
      "type": "string"
    },
    "app_url": {
      "value": "https://dre1i7ivg0sn6.cloudfront.net",
      "type": "string"
    },
    "ecr_backend_url": {
      "value": "659775407889.dkr.ecr.us-east-1.amazonaws.com/rodrigo-falcao-noteflow-backend",
      "type": "string"
    },
    "ecr_frontend_url": {
      "value": "659775407889.dkr.ecr.us-east-1.amazonaws.com/rodrigo-falcao-noteflow-frontend",
      "type": "string"
    },
    "github_actions_role_arn": {
      "value": "arn:aws:iam::659775407889:role/rodrigo-falcao-noteflow-github-actions",
      "type": "string"
    },
    "push_commands": {
      "value": "aws ecr get-login-password --region us-east-1 --profile rodrigo-falcao-sandbox | docker login --username AWS --password-stdin 659775407889.dkr.ecr.us-east-1.amazonaws.com/rodrigo-falcao-noteflow-backend\ndocker tag music-theory-api:0.1.0 659775407889.dkr.ecr.us-east-1.amazonaws.com/rodrigo-falcao-noteflow-backend:latest\ndocker push 659775407889.dkr.ecr.us-east-1.amazonaws.com/rodrigo-falcao-noteflow-backend:latest\ndocker tag noteflow-frontend:latest 659775407889.dkr.ecr.us-east-1.amazonaws.com/rodrigo-falcao-noteflow-frontend:latest\ndocker push 659775407889.dkr.ecr.us-east-1.amazonaws.com/rodrigo-falcao-noteflow-frontend:latest\n",
      "type": "string"
    },
    "rds_endpoint": {
      "value": "rodrigo-falcao-noteflow-postgres.cgfiqqiks90e.us-east-1.rds.amazonaws.com",
      "type": "string"
    }
  },
  "resources": [
    {
      "mode": "data",
      "type": "aws_availability_zones",
      "name": "available",
      "provider": "provider[\"registry.terraform.io/hashicorp/aws\"]",
      "instances": [
        {
          "schema_version": 0,
          "attributes": {
            "all_availability_zones": null,
            "exclude_names": null,
            "exclude_zone_ids": null,
            "filter": null,
            "group_names": [
              "us-east-1-zg-1"
            ],
            "id": "us-east-1",
            "names": [
              "us-east-1a",
              "us-east-1b",
              "us-east-1c",
              "us-east-1d",
              "us-east-1e",
              "us-east-1f"
            ],
            "state": "available",
            "timeouts": null,
            "zone_ids": [
              "use1-az6",
              "use1-az1",
              "use1-az2",
              "use1-az4",
              "use1-az3",
              "use1-az5"
            ]
          },
          "sensitive_attributes": [],
          "identity_schema_version": 0
        }
      ]
    },
    {
      "mode": "data",
      "type": "aws_ec2_managed_prefix_list",
      "name": "cloudfront",
      "provider": "provider[\"registry.terraform.io/hashicorp/aws\"]",
      "instances": [
        {
          "schema_version": 0,
          "attributes": {
            "address_family": "IPv4",
            "arn": "arn:aws:ec2:us-east-1:aws:prefix-list/pl-3b927c52",
            "entries": [
              {
                "cidr": "13.124.199.0/24",
                "description": ""
              },
              {
                "cidr": "130.176.0.0/18",
                "description": ""
              },
              {
                "cidr": "130.176.128.0/21",
                "description": ""
              },
              {
                "cidr": "130.176.136.0/23",
                "description": ""
              },
              {
                "cidr": "130.176.140.0/22",
                "description": ""
              },
              {
                "cidr": "130.176.144.0/20",
                "description": ""
              },
              {
                "cidr": "130.176.160.0/19",
                "description": ""
              },
              {
                "cidr": "130.176.192.0/19",
                "description": ""
              },
              {
                "cidr": "130.176.64.0/21",
                "description": ""
              },
              {
                "cidr": "130.176.72.0/22",
                "description": ""
              },
              {
                "cidr": "130.176.76.0/24",
                "description": ""
              },
              {
                "cidr": "130.176.78.0/23",
                "description": ""
              },
              {
                "cidr": "130.176.80.0/22",
                "description": ""
              },
              {
                "cidr": "130.176.86.0/23",
                "description": ""
              },
              {
                "cidr": "130.176.88.0/21",
                "description": ""
              },
              {
                "cidr": "130.176.96.0/19",
                "description": ""
              },
              {
                "cidr": "15.158.0.0/16",
                "description": ""
              },
              {
                "cidr": "18.68.0.0/16",
                "description": ""
              },
              {
                "cidr": "204.246.166.0/24",
                "description": ""
              },
              {
                "cidr": "205.251.218.0/24",
                "description": ""
              },
              {
                "cidr": "3.172.0.0/18",
                "description": ""
              },
              {
                "cidr": "3.172.64.0/18",
                "description": ""
              },
              {
                "cidr": "3.29.57.0/26",
                "description": ""
              },
              {
                "cidr": "52.46.0.0/18",
                "description": ""
              },
              {
                "cidr": "52.82.128.0/23",
                "description": ""
              },
              {
                "cidr": "52.82.134.0/23",
                "description": ""
              },
              {
                "cidr": "54.182.128.0/20",
                "description": ""
              },
              {
                "cidr": "54.182.144.0/21",
                "description": ""
              },
              {
                "cidr": "54.182.154.0/23",
                "description": ""
              },
              {
                "cidr": "54.182.156.0/22",
                "description": ""
              },
              {
                "cidr": "54.182.160.0/21",
                "description": ""
              },
              {
                "cidr": "54.182.172.0/22",
                "description": ""
              },
              {
                "cidr": "54.182.176.0/21",
                "description": ""
              },
              {
                "cidr": "54.182.184.0/22",
                "description": ""
              },
              {
                "cidr": "54.182.188.0/23",
                "description": ""
              },
              {
                "cidr": "54.182.224.0/21",
                "description": ""
              },
              {
                "cidr": "54.182.240.0/21",
                "description": ""
              },
              {
                "cidr": "54.182.248.0/22",
                "description": ""
              },
              {
                "cidr": "54.239.134.0/23",
                "description": ""
              },
              {
                "cidr": "54.239.170.0/23",
                "description": ""
              },
              {
                "cidr": "54.239.204.0/22",
                "description": ""
              },
              {
                "cidr": "54.239.208.0/21",
                "description": ""
              },
              {
                "cidr": "64.252.128.0/18",
                "description": ""
              },
              {
                "cidr": "64.252.64.0/18",
                "description": ""
              },
              {
                "cidr": "70.132.0.0/18",
                "description": ""
              }
            ],
            "filter": null,
            "id": "pl-3b927c52",
            "max_entries": 0,
            "name": "com.amazonaws.global.cloudfront.origin-facing",
            "owner_id": "AWS",
            "tags": {},
            "timeouts": null,
            "version": 0
          },
          "sensitive_attributes": [],
          "identity_schema_version": 0
        }
      ]
    },
    {
      "mode": "data",
      "type": "aws_iam_policy_document",
      "name": "ecs_assume_role",
      "provider": "provider[\"registry.terraform.io/hashicorp/aws\"]",
      "instances": [
        {
          "schema_version": 0,
          "attributes": {
            "id": "1077804475",
            "json": "{\n  \"Version\": \"2012-10-17\",\n  \"Statement\": [\n    {\n      \"Effect\": \"Allow\",\n      \"Action\": \"sts:AssumeRole\",\n      \"Principal\": {\n        \"Service\": \"ecs-tasks.amazonaws.com\"\n      }\n    }\n  ]\n}",
            "minified_json": "{\"Version\":\"2012-10-17\",\"Statement\":[{\"Effect\":\"Allow\",\"Action\":\"sts:AssumeRole\",\"Principal\":{\"Service\":\"ecs-tasks.amazonaws.com\"}}]}",
            "override_json": null,
            "override_policy_documents": null,
            "policy_id": null,
            "source_json": null,
            "source_policy_documents": null,
            "statement": [
              {
                "actions": [
                  "sts:AssumeRole"
                ],
                "condition": [],
                "effect": "Allow",
                "not_actions": [],
                "not_principals": [],
                "not_resources": [],
                "principals": [
                  {
                    "identifiers": [
                      "ecs-tasks.amazonaws.com"
                    ],
                    "type": "Service"
                  }
                ],
                "resources": [],
                "sid": ""
              }
            ],
            "version": "2012-10-17"
          },
          "sensitive_attributes": [],
          "identity_schema_version": 0
        }
      ]
    },
    {
      "mode": "data",
      "type": "aws_iam_policy_document",
      "name": "github_actions_assume",
      "provider": "provider[\"registry.terraform.io/hashicorp/aws\"]",
      "instances": [
        {
          "schema_version": 0,
          "attributes": {
            "id": "686863097",
            "json": "{\n  \"Version\": \"2012-10-17\",\n  \"Statement\": [\n    {\n      \"Effect\": \"Allow\",\n      \"Action\": \"sts:AssumeRoleWithWebIdentity\",\n      \"Principal\": {\n        \"Federated\": \"arn:aws:iam::659775407889:oidc-provider/token.actions.githubusercontent.com\"\n      },\n      \"Condition\": {\n        \"StringEquals\": {\n          \"token.actions.githubusercontent.com:aud\": \"sts.amazonaws.com\"\n        },\n        \"StringLike\": {\n          \"token.actions.githubusercontent.com:sub\": \"repo:rodfalcon/music-theory-api:*\"\n        }\n      }\n    }\n  ]\n}",
            "minified_json": "{\"Version\":\"2012-10-17\",\"Statement\":[{\"Effect\":\"Allow\",\"Action\":\"sts:AssumeRoleWithWebIdentity\",\"Principal\":{\"Federated\":\"arn:aws:iam::659775407889:oidc-provider/token.actions.githubusercontent.com\"},\"Condition\":{\"StringEquals\":{\"token.actions.githubusercontent.com:aud\":\"sts.amazonaws.com\"},\"StringLike\":{\"token.actions.githubusercontent.com:sub\":\"repo:rodfalcon/music-theory-api:*\"}}}]}",
            "override_json": null,
            "override_policy_documents": null,
            "policy_id": null,
            "source_json": null,
            "source_policy_documents": null,
            "statement": [
              {
                "actions": [
                  "sts:AssumeRoleWithWebIdentity"
                ],
                "condition": [
                  {
                    "test": "StringEquals",
                    "values": [
                      "sts.amazonaws.com"
                    ],
                    "variable": "token.actions.githubusercontent.com:aud"
                  },
                  {
                    "test": "StringLike",
                    "values": [
                      "repo:rodfalcon/music-theory-api:*"
                    ],
                    "variable": "token.actions.githubusercontent.com:sub"
                  }
                ],
                "effect": "Allow",
                "not_actions": [],
                "not_principals": [],
                "not_resources": [],
                "principals": [
                  {
                    "identifiers": [
                      "arn:aws:iam::659775407889:oidc-provider/token.actions.githubusercontent.com"
                    ],
                    "type": "Federated"
                  }
                ],
                "resources": [],
                "sid": ""
              }
            ],
            "version": "2012-10-17"
          },
          "sensitive_attributes": [],
          "identity_schema_version": 0
        }
      ]
    },
    {
      "mode": "data",
      "type": "aws_iam_policy_document",
      "name": "github_actions_permissions",
      "provider": "provider[\"registry.terraform.io/hashicorp/aws\"]",
      "instances": [
        {
          "schema_version": 0,
          "attributes": {
            "id": "2923451817",
            "json": "{\n  \"Version\": \"2012-10-17\",\n  \"Statement\": [\n    {\n      \"Sid\": \"ECRAuth\",\n      \"Effect\": \"Allow\",\n      \"Action\": \"ecr:GetAuthorizationToken\",\n      \"Resource\": \"*\"\n    },\n    {\n      \"Sid\": \"ECRPush\",\n      \"Effect\": \"Allow\",\n      \"Action\": [\n        \"ecr:UploadLayerPart\",\n        \"ecr:PutImage\",\n        \"ecr:InitiateLayerUpload\",\n        \"ecr:GetDownloadUrlForLayer\",\n        \"ecr:CompleteLayerUpload\",\n        \"ecr:BatchGetImage\",\n        \"ecr:BatchCheckLayerAvailability\"\n      ],\n      \"Resource\": [\n        \"arn:aws:ecr:us-east-1:659775407889:repository/rodrigo-falcao-noteflow-frontend\",\n        \"arn:aws:ecr:us-east-1:659775407889:repository/rodrigo-falcao-noteflow-backend\"\n      ]\n    },\n    {\n      \"Sid\": \"ECSdeploy\",\n      \"Effect\": \"Allow\",\n      \"Action\": [\n        \"ecs:UpdateService\",\n        \"ecs:DescribeServices\"\n      ],\n      \"Resource\": [\n        \"arn:aws:ecs:us-east-1:659775407889:service/rodrigo-falcao-noteflow/rodrigo-falcao-noteflow-frontend\",\n        \"arn:aws:ecs:us-east-1:659775407889:service/rodrigo-falcao-noteflow/rodrigo-falcao-noteflow-backend\"\n      ]\n    }\n  ]\n}",
            "minified_json": "{\"Version\":\"2012-10-17\",\"Statement\":[{\"Sid\":\"ECRAuth\",\"Effect\":\"Allow\",\"Action\":\"ecr:GetAuthorizationToken\",\"Resource\":\"*\"},{\"Sid\":\"ECRPush\",\"Effect\":\"Allow\",\"Action\":[\"ecr:UploadLayerPart\",\"ecr:PutImage\",\"ecr:InitiateLayerUpload\",\"ecr:GetDownloadUrlForLayer\",\"ecr:CompleteLayerUpload\",\"ecr:BatchGetImage\",\"ecr:BatchCheckLayerAvailability\"],\"Resource\":[\"arn:aws:ecr:us-east-1:659775407889:repository/rodrigo-falcao-noteflow-frontend\",\"arn:aws:ecr:us-east-1:659775407889:repository/rodrigo-falcao-noteflow-backend\"]},{\"Sid\":\"ECSdeploy\",\"Effect\":\"Allow\",\"Action\":[\"ecs:UpdateService\",\"ecs:DescribeServices\"],\"Resource\":[\"arn:aws:ecs:us-east-1:659775407889:service/rodrigo-falcao-noteflow/rodrigo-falcao-noteflow-frontend\",\"arn:aws:ecs:us-east-1:659775407889:service/rodrigo-falcao-noteflow/rodrigo-falcao-noteflow-backend\"]}]}",
            "override_json": null,
            "override_policy_documents": null,
            "policy_id": null,
            "source_json": null,
            "source_policy_documents": null,
            "statement": [
              {
                "actions": [
                  "ecr:GetAuthorizationToken"
                ],
                "condition": [],
                "effect": "Allow",
                "not_actions": [],
                "not_principals": [],
                "not_resources": [],
                "principals": [],
                "resources": [
                  "*"
                ],
                "sid": "ECRAuth"
              },
              {
                "actions": [
                  "ecr:BatchCheckLayerAvailability",
                  "ecr:BatchGetImage",
                  "ecr:CompleteLayerUpload",
                  "ecr:GetDownloadUrlForLayer",
                  "ecr:InitiateLayerUpload",
                  "ecr:PutImage",
                  "ecr:UploadLayerPart"
                ],
                "condition": [],
                "effect": "Allow",
                "not_actions": [],
                "not_principals": [],
                "not_resources": [],
                "principals": [],
                "resources": [
                  "arn:aws:ecr:us-east-1:659775407889:repository/rodrigo-falcao-noteflow-backend",
                  "arn:aws:ecr:us-east-1:659775407889:repository/rodrigo-falcao-noteflow-frontend"
                ],
                "sid": "ECRPush"
              },
              {
                "actions": [
                  "ecs:DescribeServices",
                  "ecs:UpdateService"
                ],
                "condition": [],
                "effect": "Allow",
                "not_actions": [],
                "not_principals": [],
                "not_resources": [],
                "principals": [],
                "resources": [
                  "arn:aws:ecs:us-east-1:659775407889:service/rodrigo-falcao-noteflow/rodrigo-falcao-noteflow-backend",
                  "arn:aws:ecs:us-east-1:659775407889:service/rodrigo-falcao-noteflow/rodrigo-falcao-noteflow-frontend"
                ],
                "sid": "ECSdeploy"
              }
            ],
            "version": "2012-10-17"
          },
          "sensitive_attributes": [],
          "identity_schema_version": 0
        }
      ]
    },
    {
      "mode": "data",
      "type": "aws_subnets",
      "name": "public",
      "provider": "provider[\"registry.terraform.io/hashicorp/aws\"]",
      "instances": [
        {
          "schema_version": 0,
          "attributes": {
            "filter": [
              {
                "name": "vpc-id",
                "values": [
                  "vpc-0bf5f027f17516ab0"
                ]
              }
            ],
            "id": "us-east-1",
            "ids": [
              "subnet-0fe7c5049af41e81f",
              "subnet-0440c0b753c0114e6",
              "subnet-06a353ffad07d9bd5",
              "subnet-046f484a7ea4a1e8a",
              "subnet-07674487ea1b8cc14",
              "subnet-0686d2ffcad705887"
            ],
            "tags": null,
            "timeouts": null
          },
          "sensitive_attributes": [],
          "identity_schema_version": 0
        }
      ]
    },
    {
      "mode": "data",
      "type": "aws_vpc",
      "name": "main",
      "provider": "provider[\"registry.terraform.io/hashicorp/aws\"]",
      "instances": [
        {
          "schema_version": 0,
          "attributes": {
            "arn": "arn:aws:ec2:us-east-1:659775407889:vpc/vpc-0bf5f027f17516ab0",
            "cidr_block": "172.31.0.0/16",
            "cidr_block_associations": [
              {
                "association_id": "vpc-cidr-assoc-09da8a841c4972889",
                "cidr_block": "172.31.0.0/16",
                "state": "associated"
              }
            ],
            "default": true,
            "dhcp_options_id": "dopt-0817164e14939558e",
            "enable_dns_hostnames": true,
            "enable_dns_support": true,
            "enable_network_address_usage_metrics": false,
            "filter": null,
            "id": "vpc-0bf5f027f17516ab0",
            "instance_tenancy": "default",
            "ipv6_association_id": "",
            "ipv6_cidr_block": "",
            "main_route_table_id": "rtb-0f90774740cb7cc6e",
            "owner_id": "659775407889",
            "state": null,
            "tags": {},
            "timeouts": null
          },
          "sensitive_attributes": [],
          "identity_schema_version": 0
        }
      ]
    },
    {
      "mode": "managed",
      "type": "aws_cloudfront_distribution",
      "name": "main",
      "provider": "provider[\"registry.terraform.io/hashicorp/aws\"]",
      "instances": [
        {
          "schema_version": 1,
          "attributes": {
            "aliases": [],
            "arn": "arn:aws:cloudfront::659775407889:distribution/E2LFXH49MZAJRC",
            "caller_reference": "terraform-20260609085828897500000001",
            "comment": null,
            "continuous_deployment_policy_id": "",
            "custom_error_response": [],
            "default_cache_behavior": [
              {
                "allowed_methods": [
                  "GET",
                  "HEAD",
                  "OPTIONS"
                ],
                "cache_policy_id": "",
                "cached_methods": [
                  "GET",
                  "HEAD"
                ],
                "compress": true,
                "default_ttl": 0,
                "field_level_encryption_id": "",
                "forwarded_values": [
                  {
                    "cookies": [
                      {
                        "forward": "none",
                        "whitelisted_names": []
                      }
                    ],
                    "headers": [
                      "Host",
                      "Origin"
                    ],
                    "query_string": false,
                    "query_string_cache_keys": []
                  }
                ],
                "function_association": [],
                "grpc_config": [
                  {
                    "enabled": false
                  }
                ],
                "lambda_function_association": [],
                "max_ttl": 0,
                "min_ttl": 0,
                "origin_request_policy_id": "",
                "realtime_log_config_arn": "",
                "response_headers_policy_id": "",
                "smooth_streaming": false,
                "target_origin_id": "alb",
                "trusted_key_groups": [],
                "trusted_signers": [],
                "viewer_protocol_policy": "redirect-to-https"
              }
            ],
            "default_root_object": "",
            "domain_name": "dre1i7ivg0sn6.cloudfront.net",
            "enabled": true,
            "etag": "E23ZP02F085DFQ",
            "hosted_zone_id": "Z2FDTNDATAQYW2",
            "http_version": "http2",
            "id": "E2LFXH49MZAJRC",
            "in_progress_validation_batches": 0,
            "is_ipv6_enabled": true,
            "last_modified_time": "2026-06-09 08:58:29.367 +0000 UTC",
            "logging_config": [],
            "ordered_cache_behavior": [
              {
                "allowed_methods": [
                  "DELETE",
                  "GET",
                  "HEAD",
                  "OPTIONS",
                  "PATCH",
                  "POST",
                  "PUT"
                ],
                "cache_policy_id": "",
                "cached_methods": [
                  "GET",
                  "HEAD"
                ],
                "compress": true,
                "default_ttl": 0,
                "field_level_encryption_id": "",
                "forwarded_values": [
                  {
                    "cookies": [
                      {
                        "forward": "all",
                        "whitelisted_names": []
                      }
                    ],
                    "headers": [
                      "*"
                    ],
                    "query_string": true,
                    "query_string_cache_keys": []
                  }
                ],
                "function_association": [],
                "grpc_config": [
                  {
                    "enabled": false
                  }
                ],
                "lambda_function_association": [],
                "max_ttl": 0,
                "min_ttl": 0,
                "origin_request_policy_id": "",
                "path_pattern": "/api/*",
                "realtime_log_config_arn": "",
                "response_headers_policy_id": "",
                "smooth_streaming": false,
                "target_origin_id": "alb",
                "trusted_key_groups": [],
                "trusted_signers": [],
                "viewer_protocol_policy": "redirect-to-https"
              }
            ],
            "origin": [
              {
                "connection_attempts": 3,
                "connection_timeout": 10,
                "custom_header": [],
                "custom_origin_config": [
                  {
                    "http_port": 80,
                    "https_port": 443,
                    "origin_keepalive_timeout": 5,
                    "origin_protocol_policy": "http-only",
                    "origin_read_timeout": 30,
                    "origin_ssl_protocols": [
                      "TLSv1.2"
                    ]
                  }
                ],
                "domain_name": "rodrigo-falcao-noteflow-alb-400282227.us-east-1.elb.amazonaws.com",
                "origin_access_control_id": "",
                "origin_id": "alb",
                "origin_path": "",
                "origin_shield": [],
                "s3_origin_config": [],
                "vpc_origin_config": []
              }
            ],
            "origin_group": [],
            "price_class": "PriceClass_100",
            "restrictions": [
              {
                "geo_restriction": [
                  {
                    "locations": [],
                    "restriction_type": "none"
                  }
                ]
              }
            ],
            "retain_on_delete": false,
            "staging": false,
            "status": "Deployed",
            "tags": {
              "creator": "rodrigo.falcao",
              "please_keep_my_resource": "true",
              "service": "noteflow",
              "team": "technical-support-engineering"
            },
            "tags_all": {
              "creator": "rodrigo.falcao",
              "please_keep_my_resource": "true",
              "service": "noteflow",
              "team": "technical-support-engineering"
            },
            "trusted_key_groups": [
              {
                "enabled": false,
                "items": []
              }
            ],
            "trusted_signers": [
              {
                "enabled": false,
                "items": []
              }
            ],
            "viewer_certificate": [
              {
                "acm_certificate_arn": "",
                "cloudfront_default_certificate": true,
                "iam_certificate_id": "",
                "minimum_protocol_version": "TLSv1",
                "ssl_support_method": ""
              }
            ],
            "wait_for_deployment": true,
            "web_acl_id": ""
          },
          "sensitive_attributes": [],
          "identity_schema_version": 0,
          "private": "eyJzY2hlbWFfdmVyc2lvbiI6IjEifQ==",
          "dependencies": [
            "aws_lb.main",
            "aws_security_group.alb",
            "data.aws_ec2_managed_prefix_list.cloudfront",
            "data.aws_subnets.public",
            "data.aws_vpc.main"
          ]
        }
      ]
    },
    {
      "mode": "managed",
      "type": "aws_cloudwatch_log_group",
      "name": "backend",
      "provider": "provider[\"registry.terraform.io/hashicorp/aws\"]",
      "instances": [
        {
          "schema_version": 0,
          "attributes": {
            "arn": "arn:aws:logs:us-east-1:659775407889:log-group:/ecs/rodrigo-falcao-noteflow/backend",
            "id": "/ecs/rodrigo-falcao-noteflow/backend",
            "kms_key_id": "",
            "log_group_class": "STANDARD",
            "name": "/ecs/rodrigo-falcao-noteflow/backend",
            "name_prefix": "",
            "retention_in_days": 7,
            "skip_destroy": false,
            "tags": {},
            "tags_all": {
              "creator": "rodrigo.falcao",
              "please_keep_my_resource": "true",
              "service": "noteflow",
              "team": "technical-support-engineering"
            }
          },
          "sensitive_attributes": [],
          "identity_schema_version": 0,
          "private": "bnVsbA=="
        }
      ]
    },
    {
      "mode": "managed",
      "type": "aws_cloudwatch_log_group",
      "name": "dd_agent",
      "provider": "provider[\"registry.terraform.io/hashicorp/aws\"]",
      "instances": [
        {
          "schema_version": 0,
          "attributes": {
            "arn": "arn:aws:logs:us-east-1:659775407889:log-group:/ecs/rodrigo-falcao-noteflow/dd-agent",
            "id": "/ecs/rodrigo-falcao-noteflow/dd-agent",
            "kms_key_id": "",
            "log_group_class": "STANDARD",
            "name": "/ecs/rodrigo-falcao-noteflow/dd-agent",
            "name_prefix": "",
            "retention_in_days": 7,
            "skip_destroy": false,
            "tags": {},
            "tags_all": {
              "creator": "rodrigo.falcao",
              "please_keep_my_resource": "true",
              "service": "noteflow",
              "team": "technical-support-engineering"
            }
          },
          "sensitive_attributes": [],
          "identity_schema_version": 0,
          "private": "bnVsbA=="
        }
      ]
    },
    {
      "mode": "managed",
      "type": "aws_cloudwatch_log_group",
      "name": "frontend",
      "provider": "provider[\"registry.terraform.io/hashicorp/aws\"]",
      "instances": [
        {
          "schema_version": 0,
          "attributes": {
            "arn": "arn:aws:logs:us-east-1:659775407889:log-group:/ecs/rodrigo-falcao-noteflow/frontend",
            "id": "/ecs/rodrigo-falcao-noteflow/frontend",
            "kms_key_id": "",
            "log_group_class": "STANDARD",
            "name": "/ecs/rodrigo-falcao-noteflow/frontend",
            "name_prefix": "",
            "retention_in_days": 7,
            "skip_destroy": false,
            "tags": {},
            "tags_all": {
              "creator": "rodrigo.falcao",
              "please_keep_my_resource": "true",
              "service": "noteflow",
              "team": "technical-support-engineering"
            }
          },
          "sensitive_attributes": [],
          "identity_schema_version": 0,
          "private": "bnVsbA=="
        }
      ]
    },
    {
      "mode": "managed",
      "type": "aws_cloudwatch_log_group",
      "name": "migrate",
      "provider": "provider[\"registry.terraform.io/hashicorp/aws\"]",
      "instances": [
        {
          "schema_version": 0,
          "attributes": {
            "arn": "arn:aws:logs:us-east-1:659775407889:log-group:/ecs/rodrigo-falcao-noteflow/migrate",
            "id": "/ecs/rodrigo-falcao-noteflow/migrate",
            "kms_key_id": "",
            "log_group_class": "STANDARD",
            "name": "/ecs/rodrigo-falcao-noteflow/migrate",
            "name_prefix": "",
            "retention_in_days": 7,
            "skip_destroy": false,
            "tags": {},
            "tags_all": {
              "creator": "rodrigo.falcao",
              "please_keep_my_resource": "true",
              "service": "noteflow",
              "team": "technical-support-engineering"
            }
          },
          "sensitive_attributes": [],
          "identity_schema_version": 0,
          "private": "bnVsbA=="
        }
      ]
    },
    {
      "mode": "managed",
      "type": "aws_db_instance",
      "name": "main",
      "provider": "provider[\"registry.terraform.io/hashicorp/aws\"]",
      "instances": [
        {
          "schema_version": 2,
          "attributes": {
            "address": "rodrigo-falcao-noteflow-postgres.cgfiqqiks90e.us-east-1.rds.amazonaws.com",
            "allocated_storage": 20,
            "allow_major_version_upgrade": null,
            "apply_immediately": false,
            "arn": "arn:aws:rds:us-east-1:659775407889:db:rodrigo-falcao-noteflow-postgres",
            "auto_minor_version_upgrade": true,
            "availability_zone": "us-east-1b",
            "backup_retention_period": 0,
            "backup_target": "region",
            "backup_window": "08:08-08:38",
            "blue_green_update": [],
            "ca_cert_identifier": "rds-ca-rsa2048-g1",
            "character_set_name": "",
            "copy_tags_to_snapshot": false,
            "custom_iam_instance_profile": "",
            "customer_owned_ip_enabled": false,
            "database_insights_mode": "standard",
            "db_name": "noteflow",
            "db_subnet_group_name": "rodrigo-falcao-noteflow-db",
            "dedicated_log_volume": false,
            "delete_automated_backups": true,
            "deletion_protection": false,
            "domain": "",
            "domain_auth_secret_arn": "",
            "domain_dns_ips": [],
            "domain_fqdn": "",
            "domain_iam_role_name": "",
            "domain_ou": "",
            "enabled_cloudwatch_logs_exports": [],
            "endpoint": "rodrigo-falcao-noteflow-postgres.cgfiqqiks90e.us-east-1.rds.amazonaws.com:5432",
            "engine": "postgres",
            "engine_lifecycle_support": "open-source-rds-extended-support",
            "engine_version": "16.3",
            "engine_version_actual": "16.3",
            "final_snapshot_identifier": null,
            "hosted_zone_id": "Z2R2ITUGPM61AM",
            "iam_database_authentication_enabled": false,
            "id": "db-NKZRBLX5IRFVIIRU5V55P5TUMI",
            "identifier": "rodrigo-falcao-noteflow-postgres",
            "identifier_prefix": "",
            "instance_class": "db.t3.micro",
            "iops": 0,
            "kms_key_id": "",
            "latest_restorable_time": "",
            "license_model": "postgresql-license",
            "listener_endpoint": [],
            "maintenance_window": "sun:04:07-sun:04:37",
            "manage_master_user_password": null,
            "master_user_secret": [],
            "master_user_secret_kms_key_id": null,
            "max_allocated_storage": 0,
            "monitoring_interval": 0,
            "monitoring_role_arn": "",
            "multi_az": false,
            "nchar_character_set_name": "",
            "network_type": "IPV4",
            "option_group_name": "default:postgres-16",
            "parameter_group_name": "default.postgres16",
            "password": "NoteFlow2024",
            "password_wo": null,
            "password_wo_version": null,
            "performance_insights_enabled": true,
            "performance_insights_kms_key_id": "arn:aws:kms:us-east-1:659775407889:key/021fc690-a964-404e-84f1-d111a3cc4ac1",
            "performance_insights_retention_period": 7,
            "port": 5432,
            "publicly_accessible": false,
            "replica_mode": "",
            "replicas": [],
            "replicate_source_db": "",
            "resource_id": "db-NKZRBLX5IRFVIIRU5V55P5TUMI",
            "restore_to_point_in_time": [],
            "s3_import": [],
            "skip_final_snapshot": true,
            "snapshot_identifier": null,
            "status": "available",
            "storage_encrypted": false,
            "storage_throughput": 0,
            "storage_type": "gp2",
            "tags": {
              "Name": "rodrigo-falcao-noteflow-postgres"
            },
            "tags_all": {
              "Name": "rodrigo-falcao-noteflow-postgres",
              "creator": "rodrigo.falcao",
              "please_keep_my_resource": "true",
              "service": "noteflow",
              "team": "technical-support-engineering"
            },
            "timeouts": null,
            "timezone": "",
            "upgrade_storage_config": null,
            "username": "noteflow",
            "vpc_security_group_ids": [
              "sg-06afb2351456b1049"
            ]
          },
          "sensitive_attributes": [
            [
              {
                "type": "get_attr",
                "value": "password"
              }
            ],
            [
              {
                "type": "get_attr",
                "value": "password_wo"
              }
            ]
          ],
          "identity_schema_version": 0,
          "private": "eyJlMmJmYjczMC1lY2FhLTExZTYtOGY4OC0zNDM2M2JjN2M0YzAiOnsiY3JlYXRlIjozMDAwMDAwMDAwMDAwLCJkZWxldGUiOjM2MDAwMDAwMDAwMDAsInVwZGF0ZSI6NDgwMDAwMDAwMDAwMH0sInNjaGVtYV92ZXJzaW9uIjoiMiJ9",
          "dependencies": [
            "aws_db_subnet_group.main",
            "aws_security_group.alb",
            "aws_security_group.backend",
            "aws_security_group.rds",
            "data.aws_ec2_managed_prefix_list.cloudfront",
            "data.aws_subnets.public",
            "data.aws_vpc.main"
          ]
        }
      ]
    },
    {
      "mode": "managed",
      "type": "aws_db_subnet_group",
      "name": "main",
      "provider": "provider[\"registry.terraform.io/hashicorp/aws\"]",
      "instances": [
        {
          "schema_version": 0,
          "attributes": {
            "arn": "arn:aws:rds:us-east-1:659775407889:subgrp:rodrigo-falcao-noteflow-db",
            "description": "Managed by Terraform",
            "id": "rodrigo-falcao-noteflow-db",
            "name": "rodrigo-falcao-noteflow-db",
            "name_prefix": "",
            "subnet_ids": [
              "subnet-0440c0b753c0114e6",
              "subnet-046f484a7ea4a1e8a",
              "subnet-0686d2ffcad705887",
              "subnet-06a353ffad07d9bd5",
              "subnet-07674487ea1b8cc14",
              "subnet-0fe7c5049af41e81f"
            ],
            "supported_network_types": [
              "IPV4"
            ],
            "tags": {
              "Name": "rodrigo-falcao-noteflow-db"
            },
            "tags_all": {
              "Name": "rodrigo-falcao-noteflow-db",
              "creator": "rodrigo.falcao",
              "please_keep_my_resource": "true",
              "service": "noteflow",
              "team": "technical-support-engineering"
            },
            "vpc_id": "vpc-0bf5f027f17516ab0"
          },
          "sensitive_attributes": [],
          "identity_schema_version": 0,
          "private": "bnVsbA==",
          "dependencies": [
            "data.aws_subnets.public",
            "data.aws_vpc.main"
          ]
        }
      ]
    },
    {
      "mode": "managed",
      "type": "aws_ecr_lifecycle_policy",
      "name": "backend",
      "provider": "provider[\"registry.terraform.io/hashicorp/aws\"]",
      "instances": [
        {
          "schema_version": 0,
          "attributes": {
            "id": "rodrigo-falcao-noteflow-backend",
            "policy": "{\"rules\":[{\"action\":{\"type\":\"expire\"},\"rulePriority\":1,\"selection\":{\"countNumber\":5,\"countType\":\"imageCountMoreThan\",\"tagStatus\":\"any\"}}]}",
            "registry_id": "659775407889",
            "repository": "rodrigo-falcao-noteflow-backend"
          },
          "sensitive_attributes": [],
          "identity_schema_version": 0,
          "private": "bnVsbA==",
          "dependencies": [
            "aws_ecr_repository.backend"
          ]
        }
      ]
    },
    {
      "mode": "managed",
      "type": "aws_ecr_lifecycle_policy",
      "name": "frontend",
      "provider": "provider[\"registry.terraform.io/hashicorp/aws\"]",
      "instances": [
        {
          "schema_version": 0,
          "attributes": {
            "id": "rodrigo-falcao-noteflow-frontend",
            "policy": "{\"rules\":[{\"action\":{\"type\":\"expire\"},\"rulePriority\":1,\"selection\":{\"countNumber\":5,\"countType\":\"imageCountMoreThan\",\"tagStatus\":\"any\"}}]}",
            "registry_id": "659775407889",
            "repository": "rodrigo-falcao-noteflow-frontend"
          },
          "sensitive_attributes": [],
          "identity_schema_version": 0,
          "private": "bnVsbA==",
          "dependencies": [
            "aws_ecr_repository.frontend"
          ]
        }
      ]
    },
    {
      "mode": "managed",
      "type": "aws_ecr_repository",
      "name": "backend",
      "provider": "provider[\"registry.terraform.io/hashicorp/aws\"]",
      "instances": [
        {
          "schema_version": 0,
          "attributes": {
            "arn": "arn:aws:ecr:us-east-1:659775407889:repository/rodrigo-falcao-noteflow-backend",
            "encryption_configuration": [
              {
                "encryption_type": "AES256",
                "kms_key": ""
              }
            ],
            "force_delete": null,
            "id": "rodrigo-falcao-noteflow-backend",
            "image_scanning_configuration": [
              {
                "scan_on_push": false
              }
            ],
            "image_tag_mutability": "MUTABLE",
            "name": "rodrigo-falcao-noteflow-backend",
            "registry_id": "659775407889",
            "repository_url": "659775407889.dkr.ecr.us-east-1.amazonaws.com/rodrigo-falcao-noteflow-backend",
            "tags": {},
            "tags_all": {
              "creator": "rodrigo.falcao",
              "please_keep_my_resource": "true",
              "service": "noteflow",
              "team": "technical-support-engineering"
            },
            "timeouts": null
          },
          "sensitive_attributes": [],
          "identity_schema_version": 0,
          "private": "eyJlMmJmYjczMC1lY2FhLTExZTYtOGY4OC0zNDM2M2JjN2M0YzAiOnsiZGVsZXRlIjoxMjAwMDAwMDAwMDAwfX0="
        }
      ]
    },
    {
      "mode": "managed",
      "type": "aws_ecr_repository",
      "name": "frontend",
      "provider": "provider[\"registry.terraform.io/hashicorp/aws\"]",
      "instances": [
        {
          "schema_version": 0,
          "attributes": {
            "arn": "arn:aws:ecr:us-east-1:659775407889:repository/rodrigo-falcao-noteflow-frontend",
            "encryption_configuration": [
              {
                "encryption_type": "AES256",
                "kms_key": ""
              }
            ],
            "force_delete": null,
            "id": "rodrigo-falcao-noteflow-frontend",
            "image_scanning_configuration": [
              {
                "scan_on_push": false
              }
            ],
            "image_tag_mutability": "MUTABLE",
            "name": "rodrigo-falcao-noteflow-frontend",
            "registry_id": "659775407889",
            "repository_url": "659775407889.dkr.ecr.us-east-1.amazonaws.com/rodrigo-falcao-noteflow-frontend",
            "tags": {},
            "tags_all": {
              "creator": "rodrigo.falcao",
              "please_keep_my_resource": "true",
              "service": "noteflow",
              "team": "technical-support-engineering"
            },
            "timeouts": null
          },
          "sensitive_attributes": [],
          "identity_schema_version": 0,
          "private": "eyJlMmJmYjczMC1lY2FhLTExZTYtOGY4OC0zNDM2M2JjN2M0YzAiOnsiZGVsZXRlIjoxMjAwMDAwMDAwMDAwfX0="
        }
      ]
    },
    {
      "mode": "managed",
      "type": "aws_ecs_cluster",
      "name": "main",
      "provider": "provider[\"registry.terraform.io/hashicorp/aws\"]",
      "instances": [
        {
          "schema_version": 0,
          "attributes": {
            "arn": "arn:aws:ecs:us-east-1:659775407889:cluster/rodrigo-falcao-noteflow",
            "configuration": [],
            "id": "arn:aws:ecs:us-east-1:659775407889:cluster/rodrigo-falcao-noteflow",
            "name": "rodrigo-falcao-noteflow",
            "service_connect_defaults": [],
            "setting": [
              {
                "name": "containerInsights",
                "value": "enabled"
              }
            ],
            "tags": {},
            "tags_all": {
              "creator": "rodrigo.falcao",
              "please_keep_my_resource": "true",
              "service": "noteflow",
              "team": "technical-support-engineering"
            }
          },
          "sensitive_attributes": [],
          "identity_schema_version": 0,
          "private": "bnVsbA=="
        }
      ]
    },
    {
      "mode": "managed",
      "type": "aws_ecs_service",
      "name": "backend",
      "provider": "provider[\"registry.terraform.io/hashicorp/aws\"]",
      "instances": [
        {
          "schema_version": 1,
          "attributes": {
            "alarms": [],
            "availability_zone_rebalancing": "DISABLED",
            "capacity_provider_strategy": [],
            "cluster": "arn:aws:ecs:us-east-1:659775407889:cluster/rodrigo-falcao-noteflow",
            "deployment_circuit_breaker": [
              {
                "enable": false,
                "rollback": false
              }
            ],
            "deployment_controller": [
              {
                "type": "ECS"
              }
            ],
            "deployment_maximum_percent": 200,
            "deployment_minimum_healthy_percent": 100,
            "desired_count": 1,
            "enable_ecs_managed_tags": false,
            "enable_execute_command": true,
            "force_delete": null,
            "force_new_deployment": null,
            "health_check_grace_period_seconds": 0,
            "iam_role": "/aws-service-role/ecs.amazonaws.com/AWSServiceRoleForECS",
            "id": "arn:aws:ecs:us-east-1:659775407889:service/rodrigo-falcao-noteflow/rodrigo-falcao-noteflow-backend",
            "launch_type": "FARGATE",
            "load_balancer": [
              {
                "container_name": "backend",
                "container_port": 8081,
                "elb_name": "",
                "target_group_arn": "arn:aws:elasticloadbalancing:us-east-1:659775407889:targetgroup/rodrigo-falcao-noteflow-be/8dd1c65cb997d0af"
              }
            ],
            "name": "rodrigo-falcao-noteflow-backend",
            "network_configuration": [
              {
                "assign_public_ip": true,
                "security_groups": [
                  "sg-0c8f94fb715d359fc"
                ],
                "subnets": [
                  "subnet-0440c0b753c0114e6",
                  "subnet-046f484a7ea4a1e8a",
                  "subnet-0686d2ffcad705887",
                  "subnet-06a353ffad07d9bd5",
                  "subnet-07674487ea1b8cc14",
                  "subnet-0fe7c5049af41e81f"
                ]
              }
            ],
            "ordered_placement_strategy": [],
            "placement_constraints": [],
            "platform_version": "LATEST",
            "propagate_tags": "NONE",
            "scheduling_strategy": "REPLICA",
            "service_connect_configuration": [],
            "service_registries": [],
            "tags": {},
            "tags_all": {
              "creator": "rodrigo.falcao",
              "please_keep_my_resource": "true",
              "service": "noteflow",
              "team": "technical-support-engineering"
            },
            "task_definition": "arn:aws:ecs:us-east-1:659775407889:task-definition/rodrigo-falcao-noteflow-backend:9",
            "timeouts": null,
            "triggers": {},
            "volume_configuration": [],
            "vpc_lattice_configurations": [],
            "wait_for_steady_state": false
          },
          "sensitive_attributes": [],
          "identity_schema_version": 0,
          "private": "eyJlMmJmYjczMC1lY2FhLTExZTYtOGY4OC0zNDM2M2JjN2M0YzAiOnsiY3JlYXRlIjoxMjAwMDAwMDAwMDAwLCJkZWxldGUiOjEyMDAwMDAwMDAwMDAsInVwZGF0ZSI6MTIwMDAwMDAwMDAwMH0sInNjaGVtYV92ZXJzaW9uIjoiMSJ9",
          "dependencies": [
            "aws_cloudwatch_log_group.backend",
            "aws_cloudwatch_log_group.dd_agent",
            "aws_db_instance.main",
            "aws_db_subnet_group.main",
            "aws_ecr_repository.backend",
            "aws_ecs_cluster.main",
            "aws_ecs_task_definition.backend",
            "aws_iam_role.task",
            "aws_iam_role.task_execution",
            "aws_lb.main",
            "aws_lb_listener.http",
            "aws_lb_listener_rule.api",
            "aws_lb_target_group.backend",
            "aws_lb_target_group.frontend",
            "aws_security_group.alb",
            "aws_security_group.backend",
            "aws_security_group.rds",
            "aws_ssm_parameter.datadog_password",
            "aws_ssm_parameter.db_password",
            "aws_ssm_parameter.dd_api_key",
            "data.aws_ec2_managed_prefix_list.cloudfront",
            "data.aws_iam_policy_document.ecs_assume_role",
            "data.aws_subnets.public",
            "data.aws_vpc.main"
          ]
        }
      ]
    },
    {
      "mode": "managed",
      "type": "aws_ecs_service",
      "name": "frontend",
      "provider": "provider[\"registry.terraform.io/hashicorp/aws\"]",
      "instances": [
        {
          "schema_version": 1,
          "attributes": {
            "alarms": [],
            "availability_zone_rebalancing": "DISABLED",
            "capacity_provider_strategy": [],
            "cluster": "arn:aws:ecs:us-east-1:659775407889:cluster/rodrigo-falcao-noteflow",
            "deployment_circuit_breaker": [
              {
                "enable": false,
                "rollback": false
              }
            ],
            "deployment_controller": [
              {
                "type": "ECS"
              }
            ],
            "deployment_maximum_percent": 200,
            "deployment_minimum_healthy_percent": 100,
            "desired_count": 1,
            "enable_ecs_managed_tags": false,
            "enable_execute_command": false,
            "force_delete": null,
            "force_new_deployment": null,
            "health_check_grace_period_seconds": 0,
            "iam_role": "/aws-service-role/ecs.amazonaws.com/AWSServiceRoleForECS",
            "id": "arn:aws:ecs:us-east-1:659775407889:service/rodrigo-falcao-noteflow/rodrigo-falcao-noteflow-frontend",
            "launch_type": "FARGATE",
            "load_balancer": [
              {
                "container_name": "frontend",
                "container_port": 80,
                "elb_name": "",
                "target_group_arn": "arn:aws:elasticloadbalancing:us-east-1:659775407889:targetgroup/rodrigo-falcao-noteflow-fe/1e283d76055d65d2"
              }
            ],
            "name": "rodrigo-falcao-noteflow-frontend",
            "network_configuration": [
              {
                "assign_public_ip": true,
                "security_groups": [
                  "sg-0cbadb041eba712d3"
                ],
                "subnets": [
                  "subnet-0440c0b753c0114e6",
                  "subnet-046f484a7ea4a1e8a",
                  "subnet-0686d2ffcad705887",
                  "subnet-06a353ffad07d9bd5",
                  "subnet-07674487ea1b8cc14",
                  "subnet-0fe7c5049af41e81f"
                ]
              }
            ],
            "ordered_placement_strategy": [],
            "placement_constraints": [],
            "platform_version": "LATEST",
            "propagate_tags": "NONE",
            "scheduling_strategy": "REPLICA",
            "service_connect_configuration": [],
            "service_registries": [],
            "tags": {},
            "tags_all": {
              "creator": "rodrigo.falcao",
              "please_keep_my_resource": "true",
              "service": "noteflow",
              "team": "technical-support-engineering"
            },
            "task_definition": "arn:aws:ecs:us-east-1:659775407889:task-definition/rodrigo-falcao-noteflow-frontend:1",
            "timeouts": null,
            "triggers": {},
            "volume_configuration": [],
            "vpc_lattice_configurations": [],
            "wait_for_steady_state": false
          },
          "sensitive_attributes": [],
          "identity_schema_version": 0,
          "private": "eyJlMmJmYjczMC1lY2FhLTExZTYtOGY4OC0zNDM2M2JjN2M0YzAiOnsiY3JlYXRlIjoxMjAwMDAwMDAwMDAwLCJkZWxldGUiOjEyMDAwMDAwMDAwMDAsInVwZGF0ZSI6MTIwMDAwMDAwMDAwMH0sInNjaGVtYV92ZXJzaW9uIjoiMSJ9",
          "dependencies": [
            "aws_cloudwatch_log_group.frontend",
            "aws_ecr_repository.frontend",
            "aws_ecs_cluster.main",
            "aws_ecs_task_definition.frontend",
            "aws_iam_role.task",
            "aws_iam_role.task_execution",
            "aws_lb.main",
            "aws_lb_listener.http",
            "aws_lb_target_group.frontend",
            "aws_security_group.alb",
            "aws_security_group.frontend",
            "data.aws_ec2_managed_prefix_list.cloudfront",
            "data.aws_iam_policy_document.ecs_assume_role",
            "data.aws_subnets.public",
            "data.aws_vpc.main"
          ]
        }
      ]
    },
    {
      "mode": "managed",
      "type": "aws_ecs_task_definition",
      "name": "backend",
      "provider": "provider[\"registry.terraform.io/hashicorp/aws\"]",
      "instances": [
        {
          "schema_version": 1,
          "attributes": {
            "arn": "arn:aws:ecs:us-east-1:659775407889:task-definition/rodrigo-falcao-noteflow-backend:9",
            "arn_without_revision": "arn:aws:ecs:us-east-1:659775407889:task-definition/rodrigo-falcao-noteflow-backend",
            "container_definitions": "[{\"environment\":[{\"name\":\"DD_AGENT_HOST\",\"value\":\"localhost\"},{\"name\":\"DD_DBM_PROPAGATION_MODE\",\"value\":\"full\"},{\"name\":\"DD_ENV\",\"value\":\"sandbox\"},{\"name\":\"DD_LOGS_INJECTION\",\"value\":\"true\"},{\"name\":\"DD_PROFILING_ENABLED\",\"value\":\"false\"},{\"name\":\"DD_SERVICE\",\"value\":\"music-theory-api\"},{\"name\":\"DD_TRACE_AGENT_PORT\",\"value\":\"8126\"},{\"name\":\"DD_VERSION\",\"value\":\"0.1.0\"},{\"name\":\"SPRING_DATASOURCE_URL\",\"value\":\"jdbc:postgresql://rodrigo-falcao-noteflow-postgres.cgfiqqiks90e.us-east-1.rds.amazonaws.com:5432/noteflow\"},{\"name\":\"SPRING_DATASOURCE_USERNAME\",\"value\":\"noteflow\"},{\"name\":\"SPRING_KAFKA_BOOTSTRAP_SERVERS\",\"value\":\"localhost:9092\"}],\"essential\":true,\"healthCheck\":{\"command\":[\"CMD-SHELL\",\"curl -f http://localhost:8081/api/chords/C || exit 1\"],\"interval\":30,\"retries\":3,\"startPeriod\":60,\"timeout\":10},\"image\":\"659775407889.dkr.ecr.us-east-1.amazonaws.com/rodrigo-falcao-noteflow-backend:latest\",\"logConfiguration\":{\"logDriver\":\"awslogs\",\"options\":{\"awslogs-stream-prefix\":\"backend\",\"awslogs-group\":\"/ecs/rodrigo-falcao-noteflow/backend\",\"awslogs-region\":\"us-east-1\"}},\"mountPoints\":[],\"name\":\"backend\",\"portMappings\":[{\"containerPort\":8081,\"hostPort\":8081,\"protocol\":\"tcp\"}],\"secrets\":[{\"name\":\"SPRING_DATASOURCE_PASSWORD\",\"valueFrom\":\"arn:aws:ssm:us-east-1:659775407889:parameter/noteflow/db_password\"}],\"systemControls\":[],\"volumesFrom\":[]},{\"dockerLabels\":{\"com.datadoghq.ad.check_names\":\"[\\\"postgres\\\"]\",\"com.datadoghq.ad.init_configs\":\"[{}]\",\"com.datadoghq.ad.instances\":\"[{\\\"host\\\":\\\"rodrigo-falcao-noteflow-postgres.cgfiqqiks90e.us-east-1.rds.amazonaws.com\\\",\\\"port\\\":5432,\\\"username\\\":\\\"datadog\\\",\\\"password\\\":\\\"%%env_DD_POSTGRES_PASSWORD%%\\\",\\\"dbname\\\":\\\"noteflow\\\",\\\"dbm\\\":true,\\\"ssl\\\":\\\"require\\\",\\\"reported_hostname\\\":\\\"noteflow-postgres\\\",\\\"query_samples\\\":{\\\"enabled\\\":true},\\\"query_metrics\\\":{\\\"enabled\\\":true}}]\"},\"environment\":[{\"name\":\"DD_APM_ENABLED\",\"value\":\"true\"},{\"name\":\"DD_DOGSTATSD_NON_LOCAL_TRAFFIC\",\"value\":\"true\"},{\"name\":\"DD_LOGS_ENABLED\",\"value\":\"true\"},{\"name\":\"DD_SITE\",\"value\":\"datadoghq.com\"},{\"name\":\"ECS_FARGATE\",\"value\":\"true\"}],\"essential\":false,\"image\":\"public.ecr.aws/datadog/agent:latest\",\"logConfiguration\":{\"logDriver\":\"awslogs\",\"options\":{\"awslogs-region\":\"us-east-1\",\"awslogs-stream-prefix\":\"dd-agent\",\"awslogs-group\":\"/ecs/rodrigo-falcao-noteflow/dd-agent\"}},\"mountPoints\":[],\"name\":\"datadog-agent\",\"portMappings\":[{\"containerPort\":8126,\"hostPort\":8126,\"protocol\":\"tcp\"},{\"containerPort\":8125,\"hostPort\":8125,\"protocol\":\"udp\"}],\"secrets\":[{\"name\":\"DD_API_KEY\",\"valueFrom\":\"arn:aws:ssm:us-east-1:659775407889:parameter/noteflow/dd_api_key\"},{\"name\":\"DD_POSTGRES_PASSWORD\",\"valueFrom\":\"arn:aws:ssm:us-east-1:659775407889:parameter/noteflow/datadog_password\"}],\"systemControls\":[],\"volumesFrom\":[]},{\"environment\":[{\"name\":\"KAFKA_ADVERTISED_LISTENERS\",\"value\":\"PLAINTEXT://localhost:9092\"},{\"name\":\"KAFKA_AUTO_CREATE_TOPICS_ENABLE\",\"value\":\"true\"},{\"name\":\"KAFKA_CONTROLLER_LISTENER_NAMES\",\"value\":\"CONTROLLER\"},{\"name\":\"KAFKA_CONTROLLER_QUORUM_VOTERS\",\"value\":\"1@localhost:9093\"},{\"name\":\"KAFKA_LISTENERS\",\"value\":\"PLAINTEXT://:9092,CONTROLLER://:9093\"},{\"name\":\"KAFKA_LISTENER_SECURITY_PROTOCOL_MAP\",\"value\":\"PLAINTEXT:PLAINTEXT,CONTROLLER:PLAINTEXT\"},{\"name\":\"KAFKA_NODE_ID\",\"value\":\"1\"},{\"name\":\"KAFKA_OFFSETS_TOPIC_REPLICATION_FACTOR\",\"value\":\"1\"},{\"name\":\"KAFKA_PROCESS_ROLES\",\"value\":\"broker,controller\"}],\"essential\":false,\"image\":\"apache/kafka:3.7.0\",\"mountPoints\":[],\"name\":\"kafka\",\"portMappings\":[{\"containerPort\":9092,\"hostPort\":9092,\"protocol\":\"tcp\"}],\"systemControls\":[],\"volumesFrom\":[]}]",
            "cpu": "1024",
            "enable_fault_injection": false,
            "ephemeral_storage": [],
            "execution_role_arn": "arn:aws:iam::659775407889:role/rodrigo-falcao-noteflow-task-execution",
            "family": "rodrigo-falcao-noteflow-backend",
            "id": "rodrigo-falcao-noteflow-backend",
            "inference_accelerator": [],
            "ipc_mode": "",
            "memory": "2048",
            "network_mode": "awsvpc",
            "pid_mode": "",
            "placement_constraints": [],
            "proxy_configuration": [],
            "requires_compatibilities": [
              "FARGATE"
            ],
            "revision": 9,
            "runtime_platform": [],
            "skip_destroy": false,
            "tags": {},
            "tags_all": {
              "creator": "rodrigo.falcao",
              "please_keep_my_resource": "true",
              "service": "noteflow",
              "team": "technical-support-engineering"
            },
            "task_role_arn": "arn:aws:iam::659775407889:role/rodrigo-falcao-noteflow-task",
            "track_latest": false,
            "volume": []
          },
          "sensitive_attributes": [],
          "identity_schema_version": 0,
          "private": "eyJzY2hlbWFfdmVyc2lvbiI6IjEifQ==",
          "dependencies": [
            "aws_cloudwatch_log_group.backend",
            "aws_cloudwatch_log_group.dd_agent",
            "aws_db_instance.main",
            "aws_db_subnet_group.main",
            "aws_ecr_repository.backend",
            "aws_iam_role.task",
            "aws_iam_role.task_execution",
            "aws_security_group.alb",
            "aws_security_group.backend",
            "aws_security_group.rds",
            "aws_ssm_parameter.datadog_password",
            "aws_ssm_parameter.db_password",
            "aws_ssm_parameter.dd_api_key",
            "data.aws_ec2_managed_prefix_list.cloudfront",
            "data.aws_iam_policy_document.ecs_assume_role",
            "data.aws_subnets.public",
            "data.aws_vpc.main"
          ]
        }
      ]
    },
    {
      "mode": "managed",
      "type": "aws_ecs_task_definition",
      "name": "frontend",
      "provider": "provider[\"registry.terraform.io/hashicorp/aws\"]",
      "instances": [
        {
          "schema_version": 1,
          "attributes": {
            "arn": "arn:aws:ecs:us-east-1:659775407889:task-definition/rodrigo-falcao-noteflow-frontend:1",
            "arn_without_revision": "arn:aws:ecs:us-east-1:659775407889:task-definition/rodrigo-falcao-noteflow-frontend",
            "container_definitions": "[{\"environment\":[{\"name\":\"REACT_APP_API_URL\",\"value\":\"\"}],\"essential\":true,\"image\":\"659775407889.dkr.ecr.us-east-1.amazonaws.com/rodrigo-falcao-noteflow-frontend:latest\",\"logConfiguration\":{\"logDriver\":\"awslogs\",\"options\":{\"awslogs-group\":\"/ecs/rodrigo-falcao-noteflow/frontend\",\"awslogs-region\":\"us-east-1\",\"awslogs-stream-prefix\":\"frontend\"}},\"mountPoints\":[],\"name\":\"frontend\",\"portMappings\":[{\"containerPort\":80,\"hostPort\":80,\"protocol\":\"tcp\"}],\"systemControls\":[],\"volumesFrom\":[]}]",
            "cpu": "256",
            "enable_fault_injection": false,
            "ephemeral_storage": [],
            "execution_role_arn": "arn:aws:iam::659775407889:role/rodrigo-falcao-noteflow-task-execution",
            "family": "rodrigo-falcao-noteflow-frontend",
            "id": "rodrigo-falcao-noteflow-frontend",
            "inference_accelerator": [],
            "ipc_mode": "",
            "memory": "512",
            "network_mode": "awsvpc",
            "pid_mode": "",
            "placement_constraints": [],
            "proxy_configuration": [],
            "requires_compatibilities": [
              "FARGATE"
            ],
            "revision": 1,
            "runtime_platform": [],
            "skip_destroy": false,
            "tags": {},
            "tags_all": {
              "creator": "rodrigo.falcao",
              "please_keep_my_resource": "true",
              "service": "noteflow",
              "team": "technical-support-engineering"
            },
            "task_role_arn": "arn:aws:iam::659775407889:role/rodrigo-falcao-noteflow-task",
            "track_latest": false,
            "volume": []
          },
          "sensitive_attributes": [],
          "identity_schema_version": 0,
          "private": "eyJzY2hlbWFfdmVyc2lvbiI6IjEifQ==",
          "dependencies": [
            "aws_cloudwatch_log_group.frontend",
            "aws_ecr_repository.frontend",
            "aws_iam_role.task",
            "aws_iam_role.task_execution",
            "data.aws_iam_policy_document.ecs_assume_role"
          ]
        }
      ]
    },
    {
      "mode": "managed",
      "type": "aws_ecs_task_definition",
      "name": "migrate",
      "provider": "provider[\"registry.terraform.io/hashicorp/aws\"]",
      "instances": [
        {
          "schema_version": 1,
          "attributes": {
            "arn": "arn:aws:ecs:us-east-1:659775407889:task-definition/rodrigo-falcao-noteflow-migrate:9",
            "arn_without_revision": "arn:aws:ecs:us-east-1:659775407889:task-definition/rodrigo-falcao-noteflow-migrate",
            "container_definitions": "[{\"command\":[\"/bin/sh\",\"-c\",\"set -e\\necho \\\"==\u003e Checking DB connection...\\\"\\npsql -c \\\"SELECT 1\\\" \u003e /dev/null\\necho \\\"==\u003e Dropping and recreating datadog user cleanly...\\\"\\npsql -c \\\"REVOKE pg_monitor FROM datadog\\\" 2\u003e\u00261 || true\\npsql -c \\\"REVOKE ALL ON SCHEMA datadog FROM datadog\\\" 2\u003e\u00261 || true\\npsql -c \\\"REVOKE ALL ON ALL TABLES IN SCHEMA public FROM datadog\\\" 2\u003e\u00261 || true\\npsql -c \\\"DROP USER IF EXISTS datadog\\\"\\npsql -c \\\"CREATE USER datadog WITH PASSWORD '$$DD_PGPASSWORD' LOGIN\\\"\\necho \\\"==\u003e Verifying datadog password (testing connection)...\\\"\\nPGUSER=datadog PGPASSWORD=\\\"$$DD_PGPASSWORD\\\" PGDATABASE=postgres psql -c \\\"SELECT 1 AS datadog_auth_ok\\\" 2\u003e\u00261\\npsql -c \\\"DROP USER IF EXISTS debuguser\\\" 2\u003e\u00261 || true\\npsql -c \\\"DROP USER IF EXISTS testscram\\\" 2\u003e\u00261 || true\\npsql -c \\\"DROP USER IF EXISTS dd_monitoring\\\" 2\u003e\u00261 || true\\npsql -c \\\"DROP USER IF EXISTS testpw2\\\" 2\u003e\u00261 || true\\npsql -c \\\"DROP USER IF EXISTS datadog2\\\" 2\u003e\u00261 || true\\npsql -c \\\"GRANT pg_monitor TO datadog\\\"\\npsql -c \\\"CREATE SCHEMA IF NOT EXISTS datadog\\\"\\npsql -c \\\"GRANT USAGE ON SCHEMA datadog TO datadog\\\"\\npsql -c \\\"GRANT CREATE ON SCHEMA datadog TO datadog\\\"\\npsql -c \\\"CREATE EXTENSION IF NOT EXISTS pg_stat_statements\\\"\\npsql -c \\\"CREATE OR REPLACE FUNCTION datadog.explain_statement(l_query TEXT, OUT explain JSON) RETURNS SETOF JSON AS \\\\$plpgsql\\\\$DECLARE curs REFCURSOR; plan JSON; BEGIN OPEN curs FOR EXECUTE pg_catalog.concat('EXPLAIN (FORMAT JSON) ', l_query); FETCH curs INTO plan; CLOSE curs; RETURN QUERY SELECT plan; END;\\\\$plpgsql\\\\$ LANGUAGE plpgsql RETURNS NULL ON NULL INPUT SECURITY DEFINER\\\"\\necho \\\"==\u003e Creating datadog schema and explain function in postgres database...\\\"\\nPGDATABASE=postgres psql -c \\\"CREATE SCHEMA IF NOT EXISTS datadog\\\"\\nPGDATABASE=postgres psql -c \\\"GRANT USAGE ON SCHEMA datadog TO datadog\\\"\\nPGDATABASE=postgres psql -c \\\"CREATE OR REPLACE FUNCTION datadog.explain_statement(l_query TEXT, OUT explain JSON) RETURNS SETOF JSON AS \\\\$plpgsql\\\\$DECLARE curs REFCURSOR; plan JSON; BEGIN OPEN curs FOR EXECUTE pg_catalog.concat('EXPLAIN (FORMAT JSON) ', l_query); FETCH curs INTO plan; CLOSE curs; RETURN QUERY SELECT plan; END;\\\\$plpgsql\\\\$ LANGUAGE plpgsql RETURNS NULL ON NULL INPUT SECURITY DEFINER\\\"\\necho \\\"==\u003e DBM setup complete!\\\"\\n\"],\"environment\":[{\"name\":\"PGDATABASE\",\"value\":\"noteflow\"},{\"name\":\"PGHOST\",\"value\":\"rodrigo-falcao-noteflow-postgres.cgfiqqiks90e.us-east-1.rds.amazonaws.com\"},{\"name\":\"PGPORT\",\"value\":\"5432\"},{\"name\":\"PGUSER\",\"value\":\"noteflow\"}],\"essential\":true,\"image\":\"postgres:16-alpine\",\"logConfiguration\":{\"logDriver\":\"awslogs\",\"options\":{\"awslogs-group\":\"/ecs/rodrigo-falcao-noteflow/migrate\",\"awslogs-region\":\"us-east-1\",\"awslogs-stream-prefix\":\"migrate\"}},\"mountPoints\":[],\"name\":\"migrate\",\"portMappings\":[],\"secrets\":[{\"name\":\"DD_PGPASSWORD\",\"valueFrom\":\"arn:aws:ssm:us-east-1:659775407889:parameter/noteflow/datadog_password\"},{\"name\":\"PGPASSWORD\",\"valueFrom\":\"arn:aws:ssm:us-east-1:659775407889:parameter/noteflow/db_password\"}],\"systemControls\":[],\"volumesFrom\":[]}]",
            "cpu": "256",
            "enable_fault_injection": false,
            "ephemeral_storage": [],
            "execution_role_arn": "arn:aws:iam::659775407889:role/rodrigo-falcao-noteflow-task-execution",
            "family": "rodrigo-falcao-noteflow-migrate",
            "id": "rodrigo-falcao-noteflow-migrate",
            "inference_accelerator": [],
            "ipc_mode": "",
            "memory": "512",
            "network_mode": "awsvpc",
            "pid_mode": "",
            "placement_constraints": [],
            "proxy_configuration": [],
            "requires_compatibilities": [
              "FARGATE"
            ],
            "revision": 9,
            "runtime_platform": [],
            "skip_destroy": false,
            "tags": null,
            "tags_all": {
              "creator": "rodrigo.falcao",
              "please_keep_my_resource": "true",
              "service": "noteflow",
              "team": "technical-support-engineering"
            },
            "task_role_arn": "",
            "track_latest": false,
            "volume": []
          },
          "sensitive_attributes": [],
          "identity_schema_version": 0,
          "private": "eyJzY2hlbWFfdmVyc2lvbiI6IjEifQ==",
          "dependencies": [
            "aws_db_instance.main",
            "aws_db_subnet_group.main",
            "aws_iam_role.task_execution",
            "aws_security_group.alb",
            "aws_security_group.backend",
            "aws_security_group.rds",
            "aws_ssm_parameter.datadog_password",
            "aws_ssm_parameter.db_password",
            "data.aws_ec2_managed_prefix_list.cloudfront",
            "data.aws_iam_policy_document.ecs_assume_role",
            "data.aws_subnets.public",
            "data.aws_vpc.main"
          ]
        }
      ]
    },
    {
      "mode": "managed",
      "type": "aws_iam_openid_connect_provider",
      "name": "github",
      "provider": "provider[\"registry.terraform.io/hashicorp/aws\"]",
      "instances": [
        {
          "schema_version": 0,
          "attributes": {
            "arn": "arn:aws:iam::659775407889:oidc-provider/token.actions.githubusercontent.com",
            "client_id_list": [
              "sts.amazonaws.com"
            ],
            "id": "arn:aws:iam::659775407889:oidc-provider/token.actions.githubusercontent.com",
            "tags": {},
            "tags_all": {
              "creator": "rodrigo.falcao",
              "please_keep_my_resource": "true",
              "service": "noteflow",
              "team": "technical-support-engineering"
            },
            "thumbprint_list": [
              "6938fd4d98bab03faadb97b34396831e3780aea1",
              "1c58a3a8518e8759bf075b76b750d4f2df264fcd"
            ],
            "url": "token.actions.githubusercontent.com"
          },
          "sensitive_attributes": [],
          "identity_schema_version": 0,
          "private": "bnVsbA=="
        }
      ]
    },
    {
      "mode": "managed",
      "type": "aws_iam_role",
      "name": "github_actions",
      "provider": "provider[\"registry.terraform.io/hashicorp/aws\"]",
      "instances": [
        {
          "schema_version": 0,
          "attributes": {
            "arn": "arn:aws:iam::659775407889:role/rodrigo-falcao-noteflow-github-actions",
            "assume_role_policy": "{\"Statement\":[{\"Action\":\"sts:AssumeRoleWithWebIdentity\",\"Condition\":{\"StringEquals\":{\"token.actions.githubusercontent.com:aud\":\"sts.amazonaws.com\"},\"StringLike\":{\"token.actions.githubusercontent.com:sub\":\"repo:rodfalcon/music-theory-api:*\"}},\"Effect\":\"Allow\",\"Principal\":{\"Federated\":\"arn:aws:iam::659775407889:oidc-provider/token.actions.githubusercontent.com\"}}],\"Version\":\"2012-10-17\"}",
            "create_date": "2026-06-09T10:01:06Z",
            "description": "",
            "force_detach_policies": false,
            "id": "rodrigo-falcao-noteflow-github-actions",
            "inline_policy": [
              {
                "name": "noteflow-deploy",
                "policy": "{\"Version\":\"2012-10-17\",\"Statement\":[{\"Action\":\"ecr:GetAuthorizationToken\",\"Effect\":\"Allow\",\"Resource\":\"*\",\"Sid\":\"ECRAuth\"},{\"Action\":[\"ecr:UploadLayerPart\",\"ecr:PutImage\",\"ecr:InitiateLayerUpload\",\"ecr:GetDownloadUrlForLayer\",\"ecr:CompleteLayerUpload\",\"ecr:BatchGetImage\",\"ecr:BatchCheckLayerAvailability\"],\"Effect\":\"Allow\",\"Resource\":[\"arn:aws:ecr:us-east-1:659775407889:repository/rodrigo-falcao-noteflow-frontend\",\"arn:aws:ecr:us-east-1:659775407889:repository/rodrigo-falcao-noteflow-backend\"],\"Sid\":\"ECRPush\"},{\"Action\":[\"ecs:UpdateService\",\"ecs:DescribeServices\"],\"Effect\":\"Allow\",\"Resource\":[\"arn:aws:ecs:us-east-1:659775407889:service/rodrigo-falcao-noteflow/rodrigo-falcao-noteflow-frontend\",\"arn:aws:ecs:us-east-1:659775407889:service/rodrigo-falcao-noteflow/rodrigo-falcao-noteflow-backend\"],\"Sid\":\"ECSdeploy\"}]}"
              }
            ],
            "managed_policy_arns": [],
            "max_session_duration": 3600,
            "name": "rodrigo-falcao-noteflow-github-actions",
            "name_prefix": "",
            "path": "/",
            "permissions_boundary": "",
            "tags": {
              "creator": "rodrigo.falcao",
              "please_keep_my_resource": "true",
              "service": "noteflow",
              "team": "technical-support-engineering"
            },
            "tags_all": {
              "creator": "rodrigo.falcao",
              "please_keep_my_resource": "true",
              "service": "noteflow",
              "team": "technical-support-engineering"
            },
            "unique_id": "AROAZTHNNY4I2ZWLKUSA2"
          },
          "sensitive_attributes": [],
          "identity_schema_version": 0,
          "private": "bnVsbA==",
          "dependencies": [
            "aws_iam_openid_connect_provider.github",
            "data.aws_iam_policy_document.github_actions_assume"
          ]
        }
      ]
    },
    {
      "mode": "managed",
      "type": "aws_iam_role",
      "name": "task",
      "provider": "provider[\"registry.terraform.io/hashicorp/aws\"]",
      "instances": [
        {
          "schema_version": 0,
          "attributes": {
            "arn": "arn:aws:iam::659775407889:role/rodrigo-falcao-noteflow-task",
            "assume_role_policy": "{\"Statement\":[{\"Action\":\"sts:AssumeRole\",\"Effect\":\"Allow\",\"Principal\":{\"Service\":\"ecs-tasks.amazonaws.com\"}}],\"Version\":\"2012-10-17\"}",
            "create_date": "2026-06-08T14:27:41Z",
            "description": "",
            "force_detach_policies": false,
            "id": "rodrigo-falcao-noteflow-task",
            "inline_policy": [
              {
                "name": "cloudwatch-logs",
                "policy": "{\"Version\":\"2012-10-17\",\"Statement\":[{\"Action\":[\"logs:CreateLogStream\",\"logs:PutLogEvents\"],\"Effect\":\"Allow\",\"Resource\":\"*\"}]}"
              },
              {
                "name": "ecs-exec",
                "policy": "{\"Version\":\"2012-10-17\",\"Statement\":[{\"Action\":[\"ssmmessages:CreateControlChannel\",\"ssmmessages:CreateDataChannel\",\"ssmmessages:OpenControlChannel\",\"ssmmessages:OpenDataChannel\"],\"Effect\":\"Allow\",\"Resource\":\"*\"}]}"
              }
            ],
            "managed_policy_arns": [],
            "max_session_duration": 3600,
            "name": "rodrigo-falcao-noteflow-task",
            "name_prefix": "",
            "path": "/",
            "permissions_boundary": "",
            "tags": {},
            "tags_all": {
              "creator": "rodrigo.falcao",
              "please_keep_my_resource": "true",
              "service": "noteflow",
              "team": "technical-support-engineering"
            },
            "unique_id": "AROAZTHNNY4IS5NGRZXPD"
          },
          "sensitive_attributes": [],
          "identity_schema_version": 0,
          "private": "bnVsbA==",
          "dependencies": [
            "data.aws_iam_policy_document.ecs_assume_role"
          ]
        }
      ]
    },
    {
      "mode": "managed",
      "type": "aws_iam_role",
      "name": "task_execution",
      "provider": "provider[\"registry.terraform.io/hashicorp/aws\"]",
      "instances": [
        {
          "schema_version": 0,
          "attributes": {
            "arn": "arn:aws:iam::659775407889:role/rodrigo-falcao-noteflow-task-execution",
            "assume_role_policy": "{\"Statement\":[{\"Action\":\"sts:AssumeRole\",\"Effect\":\"Allow\",\"Principal\":{\"Service\":\"ecs-tasks.amazonaws.com\"}}],\"Version\":\"2012-10-17\"}",
            "create_date": "2026-06-08T14:27:41Z",
            "description": "",
            "force_detach_policies": false,
            "id": "rodrigo-falcao-noteflow-task-execution",
            "inline_policy": [
              {
                "name": "ssm-secrets",
                "policy": "{\"Version\":\"2012-10-17\",\"Statement\":[{\"Action\":[\"ssm:GetParameters\",\"kms:Decrypt\"],\"Effect\":\"Allow\",\"Resource\":[\"arn:aws:ssm:us-east-1:*:parameter/noteflow/*\"]}]}"
              }
            ],
            "managed_policy_arns": [
              "arn:aws:iam::aws:policy/service-role/AmazonECSTaskExecutionRolePolicy"
            ],
            "max_session_duration": 3600,
            "name": "rodrigo-falcao-noteflow-task-execution",
            "name_prefix": "",
            "path": "/",
            "permissions_boundary": "",
            "tags": {},
            "tags_all": {
              "creator": "rodrigo.falcao",
              "please_keep_my_resource": "true",
              "service": "noteflow",
              "team": "technical-support-engineering"
            },
            "unique_id": "AROAZTHNNY4IVNRSVTM7Q"
          },
          "sensitive_attributes": [],
          "identity_schema_version": 0,
          "private": "bnVsbA==",
          "dependencies": [
            "data.aws_iam_policy_document.ecs_assume_role"
          ]
        }
      ]
    },
    {
      "mode": "managed",
      "type": "aws_iam_role_policy",
      "name": "github_actions",
      "provider": "provider[\"registry.terraform.io/hashicorp/aws\"]",
      "instances": [
        {
          "schema_version": 0,
          "attributes": {
            "id": "rodrigo-falcao-noteflow-github-actions:noteflow-deploy",
            "name": "noteflow-deploy",
            "name_prefix": "",
            "policy": "{\"Version\":\"2012-10-17\",\"Statement\":[{\"Action\":\"ecr:GetAuthorizationToken\",\"Effect\":\"Allow\",\"Resource\":\"*\",\"Sid\":\"ECRAuth\"},{\"Action\":[\"ecr:UploadLayerPart\",\"ecr:PutImage\",\"ecr:InitiateLayerUpload\",\"ecr:GetDownloadUrlForLayer\",\"ecr:CompleteLayerUpload\",\"ecr:BatchGetImage\",\"ecr:BatchCheckLayerAvailability\"],\"Effect\":\"Allow\",\"Resource\":[\"arn:aws:ecr:us-east-1:659775407889:repository/rodrigo-falcao-noteflow-frontend\",\"arn:aws:ecr:us-east-1:659775407889:repository/rodrigo-falcao-noteflow-backend\"],\"Sid\":\"ECRPush\"},{\"Action\":[\"ecs:UpdateService\",\"ecs:DescribeServices\"],\"Effect\":\"Allow\",\"Resource\":[\"arn:aws:ecs:us-east-1:659775407889:service/rodrigo-falcao-noteflow/rodrigo-falcao-noteflow-frontend\",\"arn:aws:ecs:us-east-1:659775407889:service/rodrigo-falcao-noteflow/rodrigo-falcao-noteflow-backend\"],\"Sid\":\"ECSdeploy\"}]}",
            "role": "rodrigo-falcao-noteflow-github-actions"
          },
          "sensitive_attributes": [],
          "identity_schema_version": 0,
          "private": "bnVsbA==",
          "dependencies": [
            "aws_cloudwatch_log_group.backend",
            "aws_cloudwatch_log_group.dd_agent",
            "aws_cloudwatch_log_group.frontend",
            "aws_db_instance.main",
            "aws_db_subnet_group.main",
            "aws_ecr_repository.backend",
            "aws_ecr_repository.frontend",
            "aws_ecs_cluster.main",
            "aws_ecs_service.backend",
            "aws_ecs_service.frontend",
            "aws_ecs_task_definition.backend",
            "aws_ecs_task_definition.frontend",
            "aws_iam_openid_connect_provider.github",
            "aws_iam_role.github_actions",
            "aws_iam_role.task",
            "aws_iam_role.task_execution",
            "aws_lb.main",
            "aws_lb_listener.http",
            "aws_lb_listener_rule.api",
            "aws_lb_target_group.backend",
            "aws_lb_target_group.frontend",
            "aws_security_group.alb",
            "aws_security_group.backend",
            "aws_security_group.frontend",
            "aws_security_group.rds",
            "aws_ssm_parameter.datadog_password",
            "aws_ssm_parameter.db_password",
            "aws_ssm_parameter.dd_api_key",
            "data.aws_ec2_managed_prefix_list.cloudfront",
            "data.aws_iam_policy_document.ecs_assume_role",
            "data.aws_iam_policy_document.github_actions_assume",
            "data.aws_iam_policy_document.github_actions_permissions",
            "data.aws_subnets.public",
            "data.aws_vpc.main"
          ]
        }
      ]
    },
    {
      "mode": "managed",
      "type": "aws_iam_role_policy",
      "name": "task_exec_command",
      "provider": "provider[\"registry.terraform.io/hashicorp/aws\"]",
      "instances": [
        {
          "schema_version": 0,
          "attributes": {
            "id": "rodrigo-falcao-noteflow-task:ecs-exec",
            "name": "ecs-exec",
            "name_prefix": "",
            "policy": "{\"Version\":\"2012-10-17\",\"Statement\":[{\"Action\":[\"ssmmessages:CreateControlChannel\",\"ssmmessages:CreateDataChannel\",\"ssmmessages:OpenControlChannel\",\"ssmmessages:OpenDataChannel\"],\"Effect\":\"Allow\",\"Resource\":\"*\"}]}",
            "role": "rodrigo-falcao-noteflow-task"
          },
          "sensitive_attributes": [],
          "identity_schema_version": 0,
          "private": "bnVsbA==",
          "dependencies": [
            "aws_iam_role.task",
            "data.aws_iam_policy_document.ecs_assume_role"
          ]
        }
      ]
    },
    {
      "mode": "managed",
      "type": "aws_iam_role_policy",
      "name": "task_execution_ssm",
      "provider": "provider[\"registry.terraform.io/hashicorp/aws\"]",
      "instances": [
        {
          "schema_version": 0,
          "attributes": {
            "id": "rodrigo-falcao-noteflow-task-execution:ssm-secrets",
            "name": "ssm-secrets",
            "name_prefix": "",
            "policy": "{\"Version\":\"2012-10-17\",\"Statement\":[{\"Action\":[\"ssm:GetParameters\",\"kms:Decrypt\"],\"Effect\":\"Allow\",\"Resource\":[\"arn:aws:ssm:us-east-1:*:parameter/noteflow/*\"]}]}",
            "role": "rodrigo-falcao-noteflow-task-execution"
          },
          "sensitive_attributes": [],
          "identity_schema_version": 0,
          "private": "bnVsbA==",
          "dependencies": [
            "aws_iam_role.task_execution",
            "data.aws_iam_policy_document.ecs_assume_role"
          ]
        }
      ]
    },
    {
      "mode": "managed",
      "type": "aws_iam_role_policy",
      "name": "task_logs",
      "provider": "provider[\"registry.terraform.io/hashicorp/aws\"]",
      "instances": [
        {
          "schema_version": 0,
          "attributes": {
            "id": "rodrigo-falcao-noteflow-task:cloudwatch-logs",
            "name": "cloudwatch-logs",
            "name_prefix": "",
            "policy": "{\"Version\":\"2012-10-17\",\"Statement\":[{\"Action\":[\"logs:CreateLogStream\",\"logs:PutLogEvents\"],\"Effect\":\"Allow\",\"Resource\":\"*\"}]}",
            "role": "rodrigo-falcao-noteflow-task"
          },
          "sensitive_attributes": [],
          "identity_schema_version": 0,
          "private": "bnVsbA==",
          "dependencies": [
            "aws_iam_role.task",
            "data.aws_iam_policy_document.ecs_assume_role"
          ]
        }
      ]
    },
    {
      "mode": "managed",
      "type": "aws_iam_role_policy_attachment",
      "name": "task_execution",
      "provider": "provider[\"registry.terraform.io/hashicorp/aws\"]",
      "instances": [
        {
          "schema_version": 0,
          "attributes": {
            "id": "rodrigo-falcao-noteflow-task-execution-20260608142741810900000001",
            "policy_arn": "arn:aws:iam::aws:policy/service-role/AmazonECSTaskExecutionRolePolicy",
            "role": "rodrigo-falcao-noteflow-task-execution"
          },
          "sensitive_attributes": [],
          "identity_schema_version": 0,
          "private": "bnVsbA==",
          "dependencies": [
            "aws_iam_role.task_execution",
            "data.aws_iam_policy_document.ecs_assume_role"
          ]
        }
      ]
    },
    {
      "mode": "managed",
      "type": "aws_lb",
      "name": "main",
      "provider": "provider[\"registry.terraform.io/hashicorp/aws\"]",
      "instances": [
        {
          "schema_version": 0,
          "attributes": {
            "access_logs": [
              {
                "bucket": "",
                "enabled": false,
                "prefix": ""
              }
            ],
            "arn": "arn:aws:elasticloadbalancing:us-east-1:659775407889:loadbalancer/app/rodrigo-falcao-noteflow-alb/cf9a8241ef426b1a",
            "arn_suffix": "app/rodrigo-falcao-noteflow-alb/cf9a8241ef426b1a",
            "client_keep_alive": 3600,
            "connection_logs": [
              {
                "bucket": "",
                "enabled": false,
                "prefix": ""
              }
            ],
            "customer_owned_ipv4_pool": "",
            "desync_mitigation_mode": "defensive",
            "dns_name": "rodrigo-falcao-noteflow-alb-400282227.us-east-1.elb.amazonaws.com",
            "dns_record_client_routing_policy": null,
            "drop_invalid_header_fields": false,
            "enable_cross_zone_load_balancing": true,
            "enable_deletion_protection": false,
            "enable_http2": true,
            "enable_tls_version_and_cipher_suite_headers": false,
            "enable_waf_fail_open": false,
            "enable_xff_client_port": false,
            "enable_zonal_shift": false,
            "enforce_security_group_inbound_rules_on_private_link_traffic": "",
            "id": "arn:aws:elasticloadbalancing:us-east-1:659775407889:loadbalancer/app/rodrigo-falcao-noteflow-alb/cf9a8241ef426b1a",
            "idle_timeout": 60,
            "internal": false,
            "ip_address_type": "ipv4",
            "ipam_pools": [],
            "load_balancer_type": "application",
            "minimum_load_balancer_capacity": [],
            "name": "rodrigo-falcao-noteflow-alb",
            "name_prefix": "",
            "preserve_host_header": false,
            "security_groups": [
              "sg-02b0b34935ceee31e"
            ],
            "subnet_mapping": [
              {
                "allocation_id": "",
                "ipv6_address": "",
                "outpost_id": "",
                "private_ipv4_address": "",
                "subnet_id": "subnet-0440c0b753c0114e6"
              },
              {
                "allocation_id": "",
                "ipv6_address": "",
                "outpost_id": "",
                "private_ipv4_address": "",
                "subnet_id": "subnet-046f484a7ea4a1e8a"
              },
              {
                "allocation_id": "",
                "ipv6_address": "",
                "outpost_id": "",
                "private_ipv4_address": "",
                "subnet_id": "subnet-0686d2ffcad705887"
              },
              {
                "allocation_id": "",
                "ipv6_address": "",
                "outpost_id": "",
                "private_ipv4_address": "",
                "subnet_id": "subnet-06a353ffad07d9bd5"
              },
              {
                "allocation_id": "",
                "ipv6_address": "",
                "outpost_id": "",
                "private_ipv4_address": "",
                "subnet_id": "subnet-07674487ea1b8cc14"
              },
              {
                "allocation_id": "",
                "ipv6_address": "",
                "outpost_id": "",
                "private_ipv4_address": "",
                "subnet_id": "subnet-0fe7c5049af41e81f"
              }
            ],
            "subnets": [
              "subnet-0440c0b753c0114e6",
              "subnet-046f484a7ea4a1e8a",
              "subnet-0686d2ffcad705887",
              "subnet-06a353ffad07d9bd5",
              "subnet-07674487ea1b8cc14",
              "subnet-0fe7c5049af41e81f"
            ],
            "tags": {
              "Name": "rodrigo-falcao-noteflow-alb"
            },
            "tags_all": {
              "Name": "rodrigo-falcao-noteflow-alb",
              "creator": "rodrigo.falcao",
              "please_keep_my_resource": "true",
              "service": "noteflow",
              "team": "technical-support-engineering"
            },
            "timeouts": null,
            "vpc_id": "vpc-0bf5f027f17516ab0",
            "xff_header_processing_mode": "append",
            "zone_id": "Z35SXDOTRQ7X7K"
          },
          "sensitive_attributes": [],
          "identity_schema_version": 0,
          "private": "eyJlMmJmYjczMC1lY2FhLTExZTYtOGY4OC0zNDM2M2JjN2M0YzAiOnsiY3JlYXRlIjo2MDAwMDAwMDAwMDAsImRlbGV0ZSI6NjAwMDAwMDAwMDAwLCJ1cGRhdGUiOjYwMDAwMDAwMDAwMH19",
          "dependencies": [
            "aws_security_group.alb",
            "data.aws_ec2_managed_prefix_list.cloudfront",
            "data.aws_subnets.public",
            "data.aws_vpc.main"
          ]
        }
      ]
    },
    {
      "mode": "managed",
      "type": "aws_lb_listener",
      "name": "http",
      "provider": "provider[\"registry.terraform.io/hashicorp/aws\"]",
      "instances": [
        {
          "schema_version": 0,
          "attributes": {
            "alpn_policy": null,
            "arn": "arn:aws:elasticloadbalancing:us-east-1:659775407889:listener/app/rodrigo-falcao-noteflow-alb/cf9a8241ef426b1a/6a6bb35435aad8bd",
            "certificate_arn": null,
            "default_action": [
              {
                "authenticate_cognito": [],
                "authenticate_oidc": [],
                "fixed_response": [],
                "forward": [],
                "order": 1,
                "redirect": [],
                "target_group_arn": "arn:aws:elasticloadbalancing:us-east-1:659775407889:targetgroup/rodrigo-falcao-noteflow-fe/1e283d76055d65d2",
                "type": "forward"
              }
            ],
            "id": "arn:aws:elasticloadbalancing:us-east-1:659775407889:listener/app/rodrigo-falcao-noteflow-alb/cf9a8241ef426b1a/6a6bb35435aad8bd",
            "load_balancer_arn": "arn:aws:elasticloadbalancing:us-east-1:659775407889:loadbalancer/app/rodrigo-falcao-noteflow-alb/cf9a8241ef426b1a",
            "mutual_authentication": [],
            "port": 80,
            "protocol": "HTTP",
            "routing_http_request_x_amzn_mtls_clientcert_header_name": null,
            "routing_http_request_x_amzn_mtls_clientcert_issuer_header_name": null,
            "routing_http_request_x_amzn_mtls_clientcert_leaf_header_name": null,
            "routing_http_request_x_amzn_mtls_clientcert_serial_number_header_name": null,
            "routing_http_request_x_amzn_mtls_clientcert_subject_header_name": null,
            "routing_http_request_x_amzn_mtls_clientcert_validity_header_name": null,
            "routing_http_request_x_amzn_tls_cipher_suite_header_name": null,
            "routing_http_request_x_amzn_tls_version_header_name": null,
            "routing_http_response_access_control_allow_credentials_header_value": "",
            "routing_http_response_access_control_allow_headers_header_value": "",
            "routing_http_response_access_control_allow_methods_header_value": "",
            "routing_http_response_access_control_allow_origin_header_value": "",
            "routing_http_response_access_control_expose_headers_header_value": "",
            "routing_http_response_access_control_max_age_header_value": "",
            "routing_http_response_content_security_policy_header_value": "",
            "routing_http_response_server_enabled": true,
            "routing_http_response_strict_transport_security_header_value": "",
            "routing_http_response_x_content_type_options_header_value": "",
            "routing_http_response_x_frame_options_header_value": "",
            "ssl_policy": "",
            "tags": {},
            "tags_all": {
              "creator": "rodrigo.falcao",
              "please_keep_my_resource": "true",
              "service": "noteflow",
              "team": "technical-support-engineering"
            },
            "tcp_idle_timeout_seconds": null,
            "timeouts": null
          },
          "sensitive_attributes": [],
          "identity_schema_version": 0,
          "private": "eyJlMmJmYjczMC1lY2FhLTExZTYtOGY4OC0zNDM2M2JjN2M0YzAiOnsiY3JlYXRlIjozMDAwMDAwMDAwMDAsInVwZGF0ZSI6MzAwMDAwMDAwMDAwfX0=",
          "dependencies": [
            "aws_lb.main",
            "aws_lb_target_group.frontend",
            "aws_security_group.alb",
            "data.aws_ec2_managed_prefix_list.cloudfront",
            "data.aws_subnets.public",
            "data.aws_vpc.main"
          ]
        }
      ]
    },
    {
      "mode": "managed",
      "type": "aws_lb_listener_rule",
      "name": "api",
      "provider": "provider[\"registry.terraform.io/hashicorp/aws\"]",
      "instances": [
        {
          "schema_version": 0,
          "attributes": {
            "action": [
              {
                "authenticate_cognito": [],
                "authenticate_oidc": [],
                "fixed_response": [],
                "forward": [],
                "order": 1,
                "redirect": [],
                "target_group_arn": "arn:aws:elasticloadbalancing:us-east-1:659775407889:targetgroup/rodrigo-falcao-noteflow-be/8dd1c65cb997d0af",
                "type": "forward"
              }
            ],
            "arn": "arn:aws:elasticloadbalancing:us-east-1:659775407889:listener-rule/app/rodrigo-falcao-noteflow-alb/cf9a8241ef426b1a/6a6bb35435aad8bd/6c35bb923067e77f",
            "condition": [
              {
                "host_header": [],
                "http_header": [],
                "http_request_method": [],
                "path_pattern": [
                  {
                    "values": [
                      "/api/*"
                    ]
                  }
                ],
                "query_string": [],
                "source_ip": []
              }
            ],
            "id": "arn:aws:elasticloadbalancing:us-east-1:659775407889:listener-rule/app/rodrigo-falcao-noteflow-alb/cf9a8241ef426b1a/6a6bb35435aad8bd/6c35bb923067e77f",
            "listener_arn": "arn:aws:elasticloadbalancing:us-east-1:659775407889:listener/app/rodrigo-falcao-noteflow-alb/cf9a8241ef426b1a/6a6bb35435aad8bd",
            "priority": 100,
            "tags": {},
            "tags_all": {
              "creator": "rodrigo.falcao",
              "please_keep_my_resource": "true",
              "service": "noteflow",
              "team": "technical-support-engineering"
            }
          },
          "sensitive_attributes": [],
          "identity_schema_version": 0,
          "private": "bnVsbA==",
          "dependencies": [
            "aws_lb.main",
            "aws_lb_listener.http",
            "aws_lb_target_group.backend",
            "aws_lb_target_group.frontend",
            "aws_security_group.alb",
            "data.aws_ec2_managed_prefix_list.cloudfront",
            "data.aws_subnets.public",
            "data.aws_vpc.main"
          ]
        }
      ]
    },
    {
      "mode": "managed",
      "type": "aws_lb_target_group",
      "name": "backend",
      "provider": "provider[\"registry.terraform.io/hashicorp/aws\"]",
      "instances": [
        {
          "schema_version": 0,
          "attributes": {
            "arn": "arn:aws:elasticloadbalancing:us-east-1:659775407889:targetgroup/rodrigo-falcao-noteflow-be/8dd1c65cb997d0af",
            "arn_suffix": "targetgroup/rodrigo-falcao-noteflow-be/8dd1c65cb997d0af",
            "connection_termination": null,
            "deregistration_delay": "300",
            "health_check": [
              {
                "enabled": true,
                "healthy_threshold": 2,
                "interval": 30,
                "matcher": "200",
                "path": "/api/chords/C",
                "port": "traffic-port",
                "protocol": "HTTP",
                "timeout": 10,
                "unhealthy_threshold": 3
              }
            ],
            "id": "arn:aws:elasticloadbalancing:us-east-1:659775407889:targetgroup/rodrigo-falcao-noteflow-be/8dd1c65cb997d0af",
            "ip_address_type": "ipv4",
            "lambda_multi_value_headers_enabled": false,
            "load_balancer_arns": [
              "arn:aws:elasticloadbalancing:us-east-1:659775407889:loadbalancer/app/rodrigo-falcao-noteflow-alb/cf9a8241ef426b1a"
            ],
            "load_balancing_algorithm_type": "round_robin",
            "load_balancing_anomaly_mitigation": "off",
            "load_balancing_cross_zone_enabled": "use_load_balancer_configuration",
            "name": "rodrigo-falcao-noteflow-be",
            "name_prefix": "",
            "port": 8081,
            "preserve_client_ip": null,
            "protocol": "HTTP",
            "protocol_version": "HTTP1",
            "proxy_protocol_v2": false,
            "slow_start": 0,
            "stickiness": [
              {
                "cookie_duration": 86400,
                "cookie_name": "",
                "enabled": false,
                "type": "lb_cookie"
              }
            ],
            "tags": {
              "Name": "rodrigo-falcao-noteflow-backend"
            },
            "tags_all": {
              "Name": "rodrigo-falcao-noteflow-backend",
              "creator": "rodrigo.falcao",
              "please_keep_my_resource": "true",
              "service": "noteflow",
              "team": "technical-support-engineering"
            },
            "target_failover": [
              {
                "on_deregistration": null,
                "on_unhealthy": null
              }
            ],
            "target_group_health": [
              {
                "dns_failover": [
                  {
                    "minimum_healthy_targets_count": "1",
                    "minimum_healthy_targets_percentage": "off"
                  }
                ],
                "unhealthy_state_routing": [
                  {
                    "minimum_healthy_targets_count": 1,
                    "minimum_healthy_targets_percentage": "off"
                  }
                ]
              }
            ],
            "target_health_state": [
              {
                "enable_unhealthy_connection_termination": null,
                "unhealthy_draining_interval": null
              }
            ],
            "target_type": "ip",
            "vpc_id": "vpc-0bf5f027f17516ab0"
          },
          "sensitive_attributes": [],
          "identity_schema_version": 0,
          "private": "bnVsbA==",
          "dependencies": [
            "data.aws_vpc.main"
          ]
        }
      ]
    },
    {
      "mode": "managed",
      "type": "aws_lb_target_group",
      "name": "frontend",
      "provider": "provider[\"registry.terraform.io/hashicorp/aws\"]",
      "instances": [
        {
          "schema_version": 0,
          "attributes": {
            "arn": "arn:aws:elasticloadbalancing:us-east-1:659775407889:targetgroup/rodrigo-falcao-noteflow-fe/1e283d76055d65d2",
            "arn_suffix": "targetgroup/rodrigo-falcao-noteflow-fe/1e283d76055d65d2",
            "connection_termination": null,
            "deregistration_delay": "300",
            "health_check": [
              {
                "enabled": true,
                "healthy_threshold": 2,
                "interval": 30,
                "matcher": "200",
                "path": "/",
                "port": "traffic-port",
                "protocol": "HTTP",
                "timeout": 5,
                "unhealthy_threshold": 3
              }
            ],
            "id": "arn:aws:elasticloadbalancing:us-east-1:659775407889:targetgroup/rodrigo-falcao-noteflow-fe/1e283d76055d65d2",
            "ip_address_type": "ipv4",
            "lambda_multi_value_headers_enabled": false,
            "load_balancer_arns": [
              "arn:aws:elasticloadbalancing:us-east-1:659775407889:loadbalancer/app/rodrigo-falcao-noteflow-alb/cf9a8241ef426b1a"
            ],
            "load_balancing_algorithm_type": "round_robin",
            "load_balancing_anomaly_mitigation": "off",
            "load_balancing_cross_zone_enabled": "use_load_balancer_configuration",
            "name": "rodrigo-falcao-noteflow-fe",
            "name_prefix": "",
            "port": 80,
            "preserve_client_ip": null,
            "protocol": "HTTP",
            "protocol_version": "HTTP1",
            "proxy_protocol_v2": false,
            "slow_start": 0,
            "stickiness": [
              {
                "cookie_duration": 86400,
                "cookie_name": "",
                "enabled": false,
                "type": "lb_cookie"
              }
            ],
            "tags": {
              "Name": "rodrigo-falcao-noteflow-frontend"
            },
            "tags_all": {
              "Name": "rodrigo-falcao-noteflow-frontend",
              "creator": "rodrigo.falcao",
              "please_keep_my_resource": "true",
              "service": "noteflow",
              "team": "technical-support-engineering"
            },
            "target_failover": [
              {
                "on_deregistration": null,
                "on_unhealthy": null
              }
            ],
            "target_group_health": [
              {
                "dns_failover": [
                  {
                    "minimum_healthy_targets_count": "1",
                    "minimum_healthy_targets_percentage": "off"
                  }
                ],
                "unhealthy_state_routing": [
                  {
                    "minimum_healthy_targets_count": 1,
                    "minimum_healthy_targets_percentage": "off"
                  }
                ]
              }
            ],
            "target_health_state": [
              {
                "enable_unhealthy_connection_termination": null,
                "unhealthy_draining_interval": null
              }
            ],
            "target_type": "ip",
            "vpc_id": "vpc-0bf5f027f17516ab0"
          },
          "sensitive_attributes": [],
          "identity_schema_version": 0,
          "private": "bnVsbA==",
          "dependencies": [
            "data.aws_vpc.main"
          ]
        }
      ]
    },
    {
      "mode": "managed",
      "type": "aws_security_group",
      "name": "alb",
      "provider": "provider[\"registry.terraform.io/hashicorp/aws\"]",
      "instances": [
        {
          "schema_version": 1,
          "attributes": {
            "arn": "arn:aws:ec2:us-east-1:659775407889:security-group/sg-02b0b34935ceee31e",
            "description": "Managed by Terraform",
            "egress": [
              {
                "cidr_blocks": [
                  "0.0.0.0/0"
                ],
                "description": "",
                "from_port": 0,
                "ipv6_cidr_blocks": [],
                "prefix_list_ids": [],
                "protocol": "-1",
                "security_groups": [],
                "self": false,
                "to_port": 0
              }
            ],
            "id": "sg-02b0b34935ceee31e",
            "ingress": [
              {
                "cidr_blocks": [],
                "description": "",
                "from_port": 80,
                "ipv6_cidr_blocks": [],
                "prefix_list_ids": [
                  "pl-3b927c52"
                ],
                "protocol": "tcp",
                "security_groups": [],
                "self": false,
                "to_port": 80
              }
            ],
            "name": "rodrigo-falcao-noteflow-alb",
            "name_prefix": "",
            "owner_id": "659775407889",
            "revoke_rules_on_delete": false,
            "tags": {
              "Name": "rodrigo-falcao-noteflow-alb"
            },
            "tags_all": {
              "Name": "rodrigo-falcao-noteflow-alb",
              "creator": "rodrigo.falcao",
              "please_keep_my_resource": "true",
              "service": "noteflow",
              "team": "technical-support-engineering"
            },
            "timeouts": null,
            "vpc_id": "vpc-0bf5f027f17516ab0"
          },
          "sensitive_attributes": [],
          "identity_schema_version": 0,
          "private": "eyJlMmJmYjczMC1lY2FhLTExZTYtOGY4OC0zNDM2M2JjN2M0YzAiOnsiY3JlYXRlIjo2MDAwMDAwMDAwMDAsImRlbGV0ZSI6OTAwMDAwMDAwMDAwfSwic2NoZW1hX3ZlcnNpb24iOiIxIn0=",
          "dependencies": [
            "data.aws_ec2_managed_prefix_list.cloudfront",
            "data.aws_vpc.main"
          ]
        }
      ]
    },
    {
      "mode": "managed",
      "type": "aws_security_group",
      "name": "backend",
      "provider": "provider[\"registry.terraform.io/hashicorp/aws\"]",
      "instances": [
        {
          "schema_version": 1,
          "attributes": {
            "arn": "arn:aws:ec2:us-east-1:659775407889:security-group/sg-0c8f94fb715d359fc",
            "description": "Managed by Terraform",
            "egress": [
              {
                "cidr_blocks": [
                  "0.0.0.0/0"
                ],
                "description": "",
                "from_port": 0,
                "ipv6_cidr_blocks": [],
                "prefix_list_ids": [],
                "protocol": "-1",
                "security_groups": [],
                "self": false,
                "to_port": 0
              }
            ],
            "id": "sg-0c8f94fb715d359fc",
            "ingress": [
              {
                "cidr_blocks": [],
                "description": "",
                "from_port": 8081,
                "ipv6_cidr_blocks": [],
                "prefix_list_ids": [],
                "protocol": "tcp",
                "security_groups": [
                  "sg-02b0b34935ceee31e"
                ],
                "self": false,
                "to_port": 8081
              }
            ],
            "name": "rodrigo-falcao-noteflow-backend",
            "name_prefix": "",
            "owner_id": "659775407889",
            "revoke_rules_on_delete": false,
            "tags": {
              "Name": "rodrigo-falcao-noteflow-backend"
            },
            "tags_all": {
              "Name": "rodrigo-falcao-noteflow-backend",
              "creator": "rodrigo.falcao",
              "please_keep_my_resource": "true",
              "service": "noteflow",
              "team": "technical-support-engineering"
            },
            "timeouts": null,
            "vpc_id": "vpc-0bf5f027f17516ab0"
          },
          "sensitive_attributes": [],
          "identity_schema_version": 0,
          "private": "eyJlMmJmYjczMC1lY2FhLTExZTYtOGY4OC0zNDM2M2JjN2M0YzAiOnsiY3JlYXRlIjo2MDAwMDAwMDAwMDAsImRlbGV0ZSI6OTAwMDAwMDAwMDAwfSwic2NoZW1hX3ZlcnNpb24iOiIxIn0=",
          "dependencies": [
            "aws_security_group.alb",
            "data.aws_ec2_managed_prefix_list.cloudfront",
            "data.aws_vpc.main"
          ]
        }
      ]
    },
    {
      "mode": "managed",
      "type": "aws_security_group",
      "name": "frontend",
      "provider": "provider[\"registry.terraform.io/hashicorp/aws\"]",
      "instances": [
        {
          "schema_version": 1,
          "attributes": {
            "arn": "arn:aws:ec2:us-east-1:659775407889:security-group/sg-0cbadb041eba712d3",
            "description": "Managed by Terraform",
            "egress": [
              {
                "cidr_blocks": [
                  "0.0.0.0/0"
                ],
                "description": "",
                "from_port": 0,
                "ipv6_cidr_blocks": [],
                "prefix_list_ids": [],
                "protocol": "-1",
                "security_groups": [],
                "self": false,
                "to_port": 0
              }
            ],
            "id": "sg-0cbadb041eba712d3",
            "ingress": [
              {
                "cidr_blocks": [],
                "description": "",
                "from_port": 80,
                "ipv6_cidr_blocks": [],
                "prefix_list_ids": [],
                "protocol": "tcp",
                "security_groups": [
                  "sg-02b0b34935ceee31e"
                ],
                "self": false,
                "to_port": 80
              }
            ],
            "name": "rodrigo-falcao-noteflow-frontend",
            "name_prefix": "",
            "owner_id": "659775407889",
            "revoke_rules_on_delete": false,
            "tags": {
              "Name": "rodrigo-falcao-noteflow-frontend"
            },
            "tags_all": {
              "Name": "rodrigo-falcao-noteflow-frontend",
              "creator": "rodrigo.falcao",
              "please_keep_my_resource": "true",
              "service": "noteflow",
              "team": "technical-support-engineering"
            },
            "timeouts": null,
            "vpc_id": "vpc-0bf5f027f17516ab0"
          },
          "sensitive_attributes": [],
          "identity_schema_version": 0,
          "private": "eyJlMmJmYjczMC1lY2FhLTExZTYtOGY4OC0zNDM2M2JjN2M0YzAiOnsiY3JlYXRlIjo2MDAwMDAwMDAwMDAsImRlbGV0ZSI6OTAwMDAwMDAwMDAwfSwic2NoZW1hX3ZlcnNpb24iOiIxIn0=",
          "dependencies": [
            "aws_security_group.alb",
            "data.aws_ec2_managed_prefix_list.cloudfront",
            "data.aws_vpc.main"
          ]
        }
      ]
    },
    {
      "mode": "managed",
      "type": "aws_security_group",
      "name": "rds",
      "provider": "provider[\"registry.terraform.io/hashicorp/aws\"]",
      "instances": [
        {
          "schema_version": 1,
          "attributes": {
            "arn": "arn:aws:ec2:us-east-1:659775407889:security-group/sg-06afb2351456b1049",
            "description": "Managed by Terraform",
            "egress": [],
            "id": "sg-06afb2351456b1049",
            "ingress": [
              {
                "cidr_blocks": [],
                "description": "",
                "from_port": 5432,
                "ipv6_cidr_blocks": [],
                "prefix_list_ids": [],
                "protocol": "tcp",
                "security_groups": [
                  "sg-0c8f94fb715d359fc"
                ],
                "self": false,
                "to_port": 5432
              }
            ],
            "name": "rodrigo-falcao-noteflow-rds",
            "name_prefix": "",
            "owner_id": "659775407889",
            "revoke_rules_on_delete": false,
            "tags": {
              "Name": "rodrigo-falcao-noteflow-rds"
            },
            "tags_all": {
              "Name": "rodrigo-falcao-noteflow-rds",
              "creator": "rodrigo.falcao",
              "please_keep_my_resource": "true",
              "service": "noteflow",
              "team": "technical-support-engineering"
            },
            "timeouts": null,
            "vpc_id": "vpc-0bf5f027f17516ab0"
          },
          "sensitive_attributes": [],
          "identity_schema_version": 0,
          "private": "eyJlMmJmYjczMC1lY2FhLTExZTYtOGY4OC0zNDM2M2JjN2M0YzAiOnsiY3JlYXRlIjo2MDAwMDAwMDAwMDAsImRlbGV0ZSI6OTAwMDAwMDAwMDAwfSwic2NoZW1hX3ZlcnNpb24iOiIxIn0=",
          "dependencies": [
            "aws_security_group.alb",
            "aws_security_group.backend",
            "data.aws_ec2_managed_prefix_list.cloudfront",
            "data.aws_vpc.main"
          ]
        }
      ]
    },
    {
      "mode": "managed",
      "type": "aws_ssm_parameter",
      "name": "datadog_password",
      "provider": "provider[\"registry.terraform.io/hashicorp/aws\"]",
      "instances": [
        {
          "schema_version": 0,
          "attributes": {
            "allowed_pattern": "",
            "arn": "arn:aws:ssm:us-east-1:659775407889:parameter/noteflow/datadog_password",
            "data_type": "text",
            "description": "",
            "has_value_wo": null,
            "id": "/noteflow/datadog_password",
            "insecure_value": null,
            "key_id": "alias/aws/ssm",
            "name": "/noteflow/datadog_password",
            "overwrite": null,
            "tags": {},
            "tags_all": {
              "creator": "rodrigo.falcao",
              "please_keep_my_resource": "true",
              "service": "noteflow",
              "team": "technical-support-engineering"
            },
            "tier": "Standard",
            "type": "SecureString",
            "value": "TestScram123!",
            "value_wo": null,
            "value_wo_version": null,
            "version": 3
          },
          "sensitive_attributes": [
            [
              {
                "type": "get_attr",
                "value": "value"
              }
            ],
            [
              {
                "type": "get_attr",
                "value": "value_wo"
              }
            ]
          ],
          "identity_schema_version": 0,
          "private": "bnVsbA=="
        }
      ]
    },
    {
      "mode": "managed",
      "type": "aws_ssm_parameter",
      "name": "db_password",
      "provider": "provider[\"registry.terraform.io/hashicorp/aws\"]",
      "instances": [
        {
          "schema_version": 0,
          "attributes": {
            "allowed_pattern": "",
            "arn": "arn:aws:ssm:us-east-1:659775407889:parameter/noteflow/db_password",
            "data_type": "text",
            "description": "",
            "has_value_wo": null,
            "id": "/noteflow/db_password",
            "insecure_value": null,
            "key_id": "alias/aws/ssm",
            "name": "/noteflow/db_password",
            "overwrite": null,
            "tags": {},
            "tags_all": {
              "creator": "rodrigo.falcao",
              "please_keep_my_resource": "true",
              "service": "noteflow",
              "team": "technical-support-engineering"
            },
            "tier": "Standard",
            "type": "SecureString",
            "value": "NoteFlow2024",
            "value_wo": null,
            "value_wo_version": null,
            "version": 1
          },
          "sensitive_attributes": [
            [
              {
                "type": "get_attr",
                "value": "value"
              }
            ],
            [
              {
                "type": "get_attr",
                "value": "value_wo"
              }
            ]
          ],
          "identity_schema_version": 0,
          "private": "bnVsbA=="
        }
      ]
    },
    {
      "mode": "managed",
      "type": "aws_ssm_parameter",
      "name": "dd_api_key",
      "provider": "provider[\"registry.terraform.io/hashicorp/aws\"]",
      "instances": [
        {
          "schema_version": 0,
          "attributes": {
            "allowed_pattern": "",
            "arn": "arn:aws:ssm:us-east-1:659775407889:parameter/noteflow/dd_api_key",
            "data_type": "text",
            "description": "",
            "has_value_wo": null,
            "id": "/noteflow/dd_api_key",
            "insecure_value": null,
            "key_id": "alias/aws/ssm",
            "name": "/noteflow/dd_api_key",
            "overwrite": null,
            "tags": {},
            "tags_all": {
              "creator": "rodrigo.falcao",
              "please_keep_my_resource": "true",
              "service": "noteflow",
              "team": "technical-support-engineering"
            },
            "tier": "Standard",
            "type": "SecureString",
            "value": "1b9d9352e1c820c52138457bfe2cd758",
            "value_wo": null,
            "value_wo_version": null,
            "version": 1
          },
          "sensitive_attributes": [
            [
              {
                "type": "get_attr",
                "value": "value"
              }
            ],
            [
              {
                "type": "get_attr",
                "value": "value_wo"
              }
            ]
          ],
          "identity_schema_version": 0,
          "private": "bnVsbA=="
        }
      ]
    },
    {
      "mode": "managed",
      "type": "aws_ssm_parameter",
      "name": "dd_checks",
      "provider": "provider[\"registry.terraform.io/hashicorp/aws\"]",
      "instances": [
        {
          "schema_version": 0,
          "attributes": {
            "allowed_pattern": "",
            "arn": "arn:aws:ssm:us-east-1:659775407889:parameter/noteflow/dd_checks",
            "data_type": "text",
            "description": "",
            "has_value_wo": null,
            "id": "/noteflow/dd_checks",
            "insecure_value": null,
            "key_id": "alias/aws/ssm",
            "name": "/noteflow/dd_checks",
            "overwrite": null,
            "tags": {},
            "tags_all": {
              "creator": "rodrigo.falcao",
              "please_keep_my_resource": "true",
              "service": "noteflow",
              "team": "technical-support-engineering"
            },
            "tier": "Standard",
            "type": "SecureString",
            "value": "{\"postgres\":{\"instances\":[{\"dbm\":true,\"host\":\"rodrigo-falcao-noteflow-postgres.cgfiqqiks90e.us-east-1.rds.amazonaws.com\",\"password\":\"TestScram123!\",\"port\":5432,\"query_metrics\":{\"enabled\":true},\"query_samples\":{\"enabled\":true},\"reported_hostname\":\"noteflow-postgres\",\"username\":\"datadog\"}]}}",
            "value_wo": null,
            "value_wo_version": null,
            "version": 3
          },
          "sensitive_attributes": [
            [
              {
                "type": "get_attr",
                "value": "value"
              }
            ],
            [
              {
                "type": "get_attr",
                "value": "value_wo"
              }
            ]
          ],
          "identity_schema_version": 0,
          "private": "bnVsbA==",
          "dependencies": [
            "aws_db_instance.main",
            "aws_db_subnet_group.main",
            "aws_security_group.alb",
            "aws_security_group.backend",
            "aws_security_group.rds",
            "data.aws_ec2_managed_prefix_list.cloudfront",
            "data.aws_subnets.public",
            "data.aws_vpc.main"
          ]
        }
      ]
    }
  ],
  "check_results": null
}
